<?xml version="1.0"?>
<Project ToolsVersion="4.0" xmlns="http://schemas.microsoft.com/developer/msbuild/2003">
	<ItemGroup>
		<ClCompile Include="src\ofApp.cpp">
			<Filter>src</Filter>
		</ClCompile>
		<ClCompile Include="src\main.cpp">
			<Filter>src</Filter>
		</ClCompile>
		<ClCompile Include="src\main.cpp">
			<Filter>src</Filter>
		</ClCompile>
		<ClCompile Include="src\ofApp.cpp">
			<Filter>src</Filter>
		</ClCompile>
		<ClCompile Include="..\..\..\addons\ofxBox2d\src\ofxBox2d.cpp">
			<Filter>addons\ofxBox2d\src</Filter>
		</ClCompile>
		<ClCompile Include="..\..\..\addons\ofxBox2d\src\ofxBox2dBaseShape.cpp">
			<Filter>addons\ofxBox2d\src</Filter>
		</ClCompile>
		<ClCompile Include="..\..\..\addons\ofxBox2d\src\ofxBox2dCircle.cpp">
			<Filter>addons\ofxBox2d\src</Filter>
		</ClCompile>
		<ClCompile Include="..\..\..\addons\ofxBox2d\src\ofxBox2dConvexPoly.cpp">
			<Filter>addons\ofxBox2d\src</Filter>
		</ClCompile>
		<ClCompile Include="..\..\..\addons\ofxBox2d\src\ofxBox2dEdge.cpp">
			<Filter>addons\ofxBox2d\src</Filter>
		</ClCompile>
		<ClCompile Include="..\..\..\addons\ofxBox2d\src\ofxBox2dJoint.cpp">
			<Filter>addons\ofxBox2d\src</Filter>
		</ClCompile>
		<ClCompile Include="..\..\..\addons\ofxBox2d\src\ofxBox2dPolygon.cpp">
			<Filter>addons\ofxBox2d\src</Filter>
		</ClCompile>
		<ClCompile Include="..\..\..\addons\ofxBox2d\src\ofxBox2dRect.cpp">
			<Filter>addons\ofxBox2d\src</Filter>
		</ClCompile>
		<ClCompile Include="..\..\..\addons\ofxBox2d\libs\Box2D\src\Box2D\Collision\b2BroadPhase.cpp">
			<Filter>addons\ofxBox2d\libs\Box2D\src\Box2D\Collision</Filter>
		</ClCompile>
		<ClCompile Include="..\..\..\addons\ofxBox2d\libs\Box2D\src\Box2D\Collision\b2CollideCircle.cpp">
			<Filter>addons\ofxBox2d\libs\Box2D\src\Box2D\Collision</Filter>
		</ClCompile>
		<ClCompile Include="..\..\..\addons\ofxBox2d\libs\Box2D\src\Box2D\Collision\b2CollideEdge.cpp">
			<Filter>addons\ofxBox2d\libs\Box2D\src\Box2D\Collision</Filter>
		</ClCompile>
		<ClCompile Include="..\..\..\addons\ofxBox2d\libs\Box2D\src\Box2D\Collision\b2CollidePolygon.cpp">
			<Filter>addons\ofxBox2d\libs\Box2D\src\Box2D\Collision</Filter>
		</ClCompile>
		<ClCompile Include="..\..\..\addons\ofxBox2d\libs\Box2D\src\Box2D\Collision\b2Collision.cpp">
			<Filter>addons\ofxBox2d\libs\Box2D\src\Box2D\Collision</Filter>
		</ClCompile>
		<ClCompile Include="..\..\..\addons\ofxBox2d\libs\Box2D\src\Box2D\Collision\b2Distance.cpp">
			<Filter>addons\ofxBox2d\libs\Box2D\src\Box2D\Collision</Filter>
		</ClCompile>
		<ClCompile Include="..\..\..\addons\ofxBox2d\libs\Box2D\src\Box2D\Collision\b2DynamicTree.cpp">
			<Filter>addons\ofxBox2d\libs\Box2D\src\Box2D\Collision</Filter>
		</ClCompile>
		<ClCompile Include="..\..\..\addons\ofxBox2d\libs\Box2D\src\Box2D\Collision\b2TimeOfImpact.cpp">
			<Filter>addons\ofxBox2d\libs\Box2D\src\Box2D\Collision</Filter>
		</ClCompile>
		<ClCompile Include="..\..\..\addons\ofxBox2d\libs\Box2D\src\Box2D\Collision\Shapes\b2ChainShape.cpp">
			<Filter>addons\ofxBox2d\libs\Box2D\src\Box2D\Collision\Shapes</Filter>
		</ClCompile>
		<ClCompile Include="..\..\..\addons\ofxBox2d\libs\Box2D\src\Box2D\Collision\Shapes\b2CircleShape.cpp">
			<Filter>addons\ofxBox2d\libs\Box2D\src\Box2D\Collision\Shapes</Filter>
		</ClCompile>
		<ClCompile Include="..\..\..\addons\ofxBox2d\libs\Box2D\src\Box2D\Collision\Shapes\b2EdgeShape.cpp">
			<Filter>addons\ofxBox2d\libs\Box2D\src\Box2D\Collision\Shapes</Filter>
		</ClCompile>
		<ClCompile Include="..\..\..\addons\ofxBox2d\libs\Box2D\src\Box2D\Collision\Shapes\b2PolygonShape.cpp">
			<Filter>addons\ofxBox2d\libs\Box2D\src\Box2D\Collision\Shapes</Filter>
		</ClCompile>
		<ClCompile Include="..\..\..\addons\ofxBox2d\libs\Box2D\src\Box2D\Common\b2BlockAllocator.cpp">
			<Filter>addons\ofxBox2d\libs\Box2D\src\Box2D\Common</Filter>
		</ClCompile>
		<ClCompile Include="..\..\..\addons\ofxBox2d\libs\Box2D\src\Box2D\Common\b2Draw.cpp">
			<Filter>addons\ofxBox2d\libs\Box2D\src\Box2D\Common</Filter>
		</ClCompile>
		<ClCompile Include="..\..\..\addons\ofxBox2d\libs\Box2D\src\Box2D\Common\b2Math.cpp">
			<Filter>addons\ofxBox2d\libs\Box2D\src\Box2D\Common</Filter>
		</ClCompile>
		<ClCompile Include="..\..\..\addons\ofxBox2d\libs\Box2D\src\Box2D\Common\b2Settings.cpp">
			<Filter>addons\ofxBox2d\libs\Box2D\src\Box2D\Common</Filter>
		</ClCompile>
		<ClCompile Include="..\..\..\addons\ofxBox2d\libs\Box2D\src\Box2D\Common\b2StackAllocator.cpp">
			<Filter>addons\ofxBox2d\libs\Box2D\src\Box2D\Common</Filter>
		</ClCompile>
		<ClCompile Include="..\..\..\addons\ofxBox2d\libs\Box2D\src\Box2D\Common\b2Timer.cpp">
			<Filter>addons\ofxBox2d\libs\Box2D\src\Box2D\Common</Filter>
		</ClCompile>
		<ClCompile Include="..\..\..\addons\ofxBox2d\libs\Box2D\src\Box2D\Dynamics\b2Body.cpp">
			<Filter>addons\ofxBox2d\libs\Box2D\src\Box2D\Dynamics</Filter>
		</ClCompile>
		<ClCompile Include="..\..\..\addons\ofxBox2d\libs\Box2D\src\Box2D\Dynamics\b2ContactManager.cpp">
			<Filter>addons\ofxBox2d\libs\Box2D\src\Box2D\Dynamics</Filter>
		</ClCompile>
		<ClCompile Include="..\..\..\addons\ofxBox2d\libs\Box2D\src\Box2D\Dynamics\b2Fixture.cpp">
			<Filter>addons\ofxBox2d\libs\Box2D\src\Box2D\Dynamics</Filter>
		</ClCompile>
		<ClCompile Include="..\..\..\addons\ofxBox2d\libs\Box2D\src\Box2D\Dynamics\b2Island.cpp">
			<Filter>addons\ofxBox2d\libs\Box2D\src\Box2D\Dynamics</Filter>
		</ClCompile>
		<ClCompile Include="..\..\..\addons\ofxBox2d\libs\Box2D\src\Box2D\Dynamics\b2World.cpp">
			<Filter>addons\ofxBox2d\libs\Box2D\src\Box2D\Dynamics</Filter>
		</ClCompile>
		<ClCompile Include="..\..\..\addons\ofxBox2d\libs\Box2D\src\Box2D\Dynamics\b2WorldCallbacks.cpp">
			<Filter>addons\ofxBox2d\libs\Box2D\src\Box2D\Dynamics</Filter>
		</ClCompile>
		<ClCompile Include="..\..\..\addons\ofxBox2d\libs\Box2D\src\Box2D\Dynamics\Contacts\b2ChainAndCircleContact.cpp">
			<Filter>addons\ofxBox2d\libs\Box2D\src\Box2D\Dynamics\Contacts</Filter>
		</ClCompile>
		<ClCompile Include="..\..\..\addons\ofxBox2d\libs\Box2D\src\Box2D\Dynamics\Contacts\b2ChainAndPolygonContact.cpp">
			<Filter>addons\ofxBox2d\libs\Box2D\src\Box2D\Dynamics\Contacts</Filter>
		</ClCompile>
		<ClCompile Include="..\..\..\addons\ofxBox2d\libs\Box2D\src\Box2D\Dynamics\Contacts\b2CircleContact.cpp">
			<Filter>addons\ofxBox2d\libs\Box2D\src\Box2D\Dynamics\Contacts</Filter>
		</ClCompile>
		<ClCompile Include="..\..\..\addons\ofxBox2d\libs\Box2D\src\Box2D\Dynamics\Contacts\b2Contact.cpp">
			<Filter>addons\ofxBox2d\libs\Box2D\src\Box2D\Dynamics\Contacts</Filter>
		</ClCompile>
		<ClCompile Include="..\..\..\addons\ofxBox2d\libs\Box2D\src\Box2D\Dynamics\Contacts\b2ContactSolver.cpp">
			<Filter>addons\ofxBox2d\libs\Box2D\src\Box2D\Dynamics\Contacts</Filter>
		</ClCompile>
		<ClCompile Include="..\..\..\addons\ofxBox2d\libs\Box2D\src\Box2D\Dynamics\Contacts\b2EdgeAndCircleContact.cpp">
			<Filter>addons\ofxBox2d\libs\Box2D\src\Box2D\Dynamics\Contacts</Filter>
		</ClCompile>
		<ClCompile Include="..\..\..\addons\ofxBox2d\libs\Box2D\src\Box2D\Dynamics\Contacts\b2EdgeAndPolygonContact.cpp">
			<Filter>addons\ofxBox2d\libs\Box2D\src\Box2D\Dynamics\Contacts</Filter>
		</ClCompile>
		<ClCompile Include="..\..\..\addons\ofxBox2d\libs\Box2D\src\Box2D\Dynamics\Contacts\b2PolygonAndCircleContact.cpp">
			<Filter>addons\ofxBox2d\libs\Box2D\src\Box2D\Dynamics\Contacts</Filter>
		</ClCompile>
		<ClCompile Include="..\..\..\addons\ofxBox2d\libs\Box2D\src\Box2D\Dynamics\Contacts\b2PolygonContact.cpp">
			<Filter>addons\ofxBox2d\libs\Box2D\src\Box2D\Dynamics\Contacts</Filter>
		</ClCompile>
		<ClCompile Include="..\..\..\addons\ofxBox2d\libs\Box2D\src\Box2D\Dynamics\Joints\b2DistanceJoint.cpp">
			<Filter>addons\ofxBox2d\libs\Box2D\src\Box2D\Dynamics\Joints</Filter>
		</ClCompile>
		<ClCompile Include="..\..\..\addons\ofxBox2d\libs\Box2D\src\Box2D\Dynamics\Joints\b2FrictionJoint.cpp">
			<Filter>addons\ofxBox2d\libs\Box2D\src\Box2D\Dynamics\Joints</Filter>
		</ClCompile>
		<ClCompile Include="..\..\..\addons\ofxBox2d\libs\Box2D\src\Box2D\Dynamics\Joints\b2GearJoint.cpp">
			<Filter>addons\ofxBox2d\libs\Box2D\src\Box2D\Dynamics\Joints</Filter>
		</ClCompile>
		<ClCompile Include="..\..\..\addons\ofxBox2d\libs\Box2D\src\Box2D\Dynamics\Joints\b2Joint.cpp">
			<Filter>addons\ofxBox2d\libs\Box2D\src\Box2D\Dynamics\Joints</Filter>
		</ClCompile>
		<ClCompile Include="..\..\..\addons\ofxBox2d\libs\Box2D\src\Box2D\Dynamics\Joints\b2MotorJoint.cpp">
			<Filter>addons\ofxBox2d\libs\Box2D\src\Box2D\Dynamics\Joints</Filter>
		</ClCompile>
		<ClCompile Include="..\..\..\addons\ofxBox2d\libs\Box2D\src\Box2D\Dynamics\Joints\b2MouseJoint.cpp">
			<Filter>addons\ofxBox2d\libs\Box2D\src\Box2D\Dynamics\Joints</Filter>
		</ClCompile>
		<ClCompile Include="..\..\..\addons\ofxBox2d\libs\Box2D\src\Box2D\Dynamics\Joints\b2PrismaticJoint.cpp">
			<Filter>addons\ofxBox2d\libs\Box2D\src\Box2D\Dynamics\Joints</Filter>
		</ClCompile>
		<ClCompile Include="..\..\..\addons\ofxBox2d\libs\Box2D\src\Box2D\Dynamics\Joints\b2PulleyJoint.cpp">
			<Filter>addons\ofxBox2d\libs\Box2D\src\Box2D\Dynamics\Joints</Filter>
		</ClCompile>
		<ClCompile Include="..\..\..\addons\ofxBox2d\libs\Box2D\src\Box2D\Dynamics\Joints\b2RevoluteJoint.cpp">
			<Filter>addons\ofxBox2d\libs\Box2D\src\Box2D\Dynamics\Joints</Filter>
		</ClCompile>
		<ClCompile Include="..\..\..\addons\ofxBox2d\libs\Box2D\src\Box2D\Dynamics\Joints\b2RopeJoint.cpp">
			<Filter>addons\ofxBox2d\libs\Box2D\src\Box2D\Dynamics\Joints</Filter>
		</ClCompile>
		<ClCompile Include="..\..\..\addons\ofxBox2d\libs\Box2D\src\Box2D\Dynamics\Joints\b2WeldJoint.cpp">
			<Filter>addons\ofxBox2d\libs\Box2D\src\Box2D\Dynamics\Joints</Filter>
		</ClCompile>
		<ClCompile Include="..\..\..\addons\ofxBox2d\libs\Box2D\src\Box2D\Dynamics\Joints\b2WheelJoint.cpp">
			<Filter>addons\ofxBox2d\libs\Box2D\src\Box2D\Dynamics\Joints</Filter>
		</ClCompile>
		<ClCompile Include="..\..\..\addons\ofxBox2d\libs\Box2D\src\Box2D\Rope\b2Rope.cpp">
			<Filter>addons\ofxBox2d\libs\Box2D\src\Box2D\Rope</Filter>
		</ClCompile>
		<ClCompile Include="..\..\..\addons\ofxBox2d\libs\ConvexDecomposition\src\ConvexDecomposition\b2Polygon.cpp">
			<Filter>addons\ofxBox2d\libs\ConvexDecomposition\src\ConvexDecomposition</Filter>
		</ClCompile>
		<ClCompile Include="..\..\..\addons\ofxBox2d\libs\ConvexDecomposition\src\ConvexDecomposition\b2Triangle.cpp">
			<Filter>addons\ofxBox2d\libs\ConvexDecomposition\src\ConvexDecomposition</Filter>
		</ClCompile>
		<ClCompile Include="..\..\..\addons\ofxBox2d\libs\triangle\src\triangle\del_impl.cpp">
			<Filter>addons\ofxBox2d\libs\triangle\src\triangle</Filter>
		</ClCompile>
		<ClCompile Include="..\..\..\addons\ofxGrt\src\ofxGrtBarPlot.cpp">
			<Filter>addons\ofxGrt\src</Filter>
		</ClCompile>
		<ClCompile Include="..\..\..\addons\ofxGrt\src\ofxGrtMatrixPlot.cpp">
			<Filter>addons\ofxGrt\src</Filter>
		</ClCompile>
		<ClCompile Include="..\..\..\addons\ofxGrt\src\ofxGrtSettings.cpp">
			<Filter>addons\ofxGrt\src</Filter>
		</ClCompile>
		<ClCompile Include="..\..\..\addons\ofxGrt\src\ofxGrtTimeseriesPlot.cpp">
			<Filter>addons\ofxGrt\src</Filter>
		</ClCompile>
		<ClCompile Include="..\..\..\addons\ofxGrt\libs\grt\GRT\ClassificationModules\AdaBoost\AdaBoost.cpp">
			<Filter>addons\ofxGrt\libs\grt\GRT\ClassificationModules\AdaBoost</Filter>
		</ClCompile>
		<ClCompile Include="..\..\..\addons\ofxGrt\libs\grt\GRT\ClassificationModules\AdaBoost\WeakClassifiers\DecisionStump.cpp">
			<Filter>addons\ofxGrt\libs\grt\GRT\ClassificationModules\AdaBoost\WeakClassifiers</Filter>
		</ClCompile>
		<ClCompile Include="..\..\..\addons\ofxGrt\libs\grt\GRT\ClassificationModules\AdaBoost\WeakClassifiers\RadialBasisFunction.cpp">
			<Filter>addons\ofxGrt\libs\grt\GRT\ClassificationModules\AdaBoost\WeakClassifiers</Filter>
		</ClCompile>
		<ClCompile Include="..\..\..\addons\ofxGrt\libs\grt\GRT\ClassificationModules\AdaBoost\WeakClassifiers\WeakClassifier.cpp">
			<Filter>addons\ofxGrt\libs\grt\GRT\ClassificationModules\AdaBoost\WeakClassifiers</Filter>
		</ClCompile>
		<ClCompile Include="..\..\..\addons\ofxGrt\libs\grt\GRT\ClassificationModules\ANBC\ANBC.cpp">
			<Filter>addons\ofxGrt\libs\grt\GRT\ClassificationModules\ANBC</Filter>
		</ClCompile>
		<ClCompile Include="..\..\..\addons\ofxGrt\libs\grt\GRT\ClassificationModules\ANBC\ANBC_Model.cpp">
			<Filter>addons\ofxGrt\libs\grt\GRT\ClassificationModules\ANBC</Filter>
		</ClCompile>
		<ClCompile Include="..\..\..\addons\ofxGrt\libs\grt\GRT\ClassificationModules\BAG\BAG.cpp">
			<Filter>addons\ofxGrt\libs\grt\GRT\ClassificationModules\BAG</Filter>
		</ClCompile>
		<ClCompile Include="..\..\..\addons\ofxGrt\libs\grt\GRT\ClassificationModules\DecisionTree\DecisionTree.cpp">
			<Filter>addons\ofxGrt\libs\grt\GRT\ClassificationModules\DecisionTree</Filter>
		</ClCompile>
		<ClCompile Include="..\..\..\addons\ofxGrt\libs\grt\GRT\ClassificationModules\DecisionTree\DecisionTreeClusterNode.cpp">
			<Filter>addons\ofxGrt\libs\grt\GRT\ClassificationModules\DecisionTree</Filter>
		</ClCompile>
		<ClCompile Include="..\..\..\addons\ofxGrt\libs\grt\GRT\ClassificationModules\DecisionTree\DecisionTreeNode.cpp">
			<Filter>addons\ofxGrt\libs\grt\GRT\ClassificationModules\DecisionTree</Filter>
		</ClCompile>
		<ClCompile Include="..\..\..\addons\ofxGrt\libs\grt\GRT\ClassificationModules\DecisionTree\DecisionTreeThresholdNode.cpp">
			<Filter>addons\ofxGrt\libs\grt\GRT\ClassificationModules\DecisionTree</Filter>
		</ClCompile>
		<ClCompile Include="..\..\..\addons\ofxGrt\libs\grt\GRT\ClassificationModules\DecisionTree\DecisionTreeTripleFeatureNode.cpp">
			<Filter>addons\ofxGrt\libs\grt\GRT\ClassificationModules\DecisionTree</Filter>
		</ClCompile>
		<ClCompile Include="..\..\..\addons\ofxGrt\libs\grt\GRT\ClassificationModules\DTW\DTW.cpp">
			<Filter>addons\ofxGrt\libs\grt\GRT\ClassificationModules\DTW</Filter>
		</ClCompile>
		<ClCompile Include="..\..\..\addons\ofxGrt\libs\grt\GRT\ClassificationModules\FiniteStateMachine\FiniteStateMachine.cpp">
			<Filter>addons\ofxGrt\libs\grt\GRT\ClassificationModules\FiniteStateMachine</Filter>
		</ClCompile>
		<ClCompile Include="..\..\..\addons\ofxGrt\libs\grt\GRT\ClassificationModules\GMM\GMM.cpp">
			<Filter>addons\ofxGrt\libs\grt\GRT\ClassificationModules\GMM</Filter>
		</ClCompile>
		<ClCompile Include="..\..\..\addons\ofxGrt\libs\grt\GRT\ClassificationModules\HMM\ContinuousHiddenMarkovModel.cpp">
			<Filter>addons\ofxGrt\libs\grt\GRT\ClassificationModules\HMM</Filter>
		</ClCompile>
		<ClCompile Include="..\..\..\addons\ofxGrt\libs\grt\GRT\ClassificationModules\HMM\DiscreteHiddenMarkovModel.cpp">
			<Filter>addons\ofxGrt\libs\grt\GRT\ClassificationModules\HMM</Filter>
		</ClCompile>
		<ClCompile Include="..\..\..\addons\ofxGrt\libs\grt\GRT\ClassificationModules\HMM\HMM.cpp">
			<Filter>addons\ofxGrt\libs\grt\GRT\ClassificationModules\HMM</Filter>
		</ClCompile>
		<ClCompile Include="..\..\..\addons\ofxGrt\libs\grt\GRT\ClassificationModules\KNN\KNN.cpp">
			<Filter>addons\ofxGrt\libs\grt\GRT\ClassificationModules\KNN</Filter>
		</ClCompile>
		<ClCompile Include="..\..\..\addons\ofxGrt\libs\grt\GRT\ClassificationModules\MinDist\MinDist.cpp">
			<Filter>addons\ofxGrt\libs\grt\GRT\ClassificationModules\MinDist</Filter>
		</ClCompile>
		<ClCompile Include="..\..\..\addons\ofxGrt\libs\grt\GRT\ClassificationModules\MinDist\MinDistModel.cpp">
			<Filter>addons\ofxGrt\libs\grt\GRT\ClassificationModules\MinDist</Filter>
		</ClCompile>
		<ClCompile Include="..\..\..\addons\ofxGrt\libs\grt\GRT\ClassificationModules\ParticleClassifier\ParticleClassifier.cpp">
			<Filter>addons\ofxGrt\libs\grt\GRT\ClassificationModules\ParticleClassifier</Filter>
		</ClCompile>
		<ClCompile Include="..\..\..\addons\ofxGrt\libs\grt\GRT\ClassificationModules\RandomForests\RandomForests.cpp">
			<Filter>addons\ofxGrt\libs\grt\GRT\ClassificationModules\RandomForests</Filter>
		</ClCompile>
		<ClCompile Include="..\..\..\addons\ofxGrt\libs\grt\GRT\ClassificationModules\Softmax\Softmax.cpp">
			<Filter>addons\ofxGrt\libs\grt\GRT\ClassificationModules\Softmax</Filter>
		</ClCompile>
		<ClCompile Include="..\..\..\addons\ofxGrt\libs\grt\GRT\ClassificationModules\SVM\LIBSVM\libsvm.cpp">
			<Filter>addons\ofxGrt\libs\grt\GRT\ClassificationModules\SVM\LIBSVM</Filter>
		</ClCompile>
		<ClCompile Include="..\..\..\addons\ofxGrt\libs\grt\GRT\ClassificationModules\SVM\SVM.cpp">
			<Filter>addons\ofxGrt\libs\grt\GRT\ClassificationModules\SVM</Filter>
		</ClCompile>
		<ClCompile Include="..\..\..\addons\ofxGrt\libs\grt\GRT\ClassificationModules\SwipeDetector\SwipeDetector.cpp">
			<Filter>addons\ofxGrt\libs\grt\GRT\ClassificationModules\SwipeDetector</Filter>
		</ClCompile>
		<ClCompile Include="..\..\..\addons\ofxGrt\libs\grt\GRT\ClusteringModules\ClusterTree\ClusterTree.cpp">
			<Filter>addons\ofxGrt\libs\grt\GRT\ClusteringModules\ClusterTree</Filter>
		</ClCompile>
		<ClCompile Include="..\..\..\addons\ofxGrt\libs\grt\GRT\ClusteringModules\GaussianMixtureModels\GaussianMixtureModels.cpp">
			<Filter>addons\ofxGrt\libs\grt\GRT\ClusteringModules\GaussianMixtureModels</Filter>
		</ClCompile>
		<ClCompile Include="..\..\..\addons\ofxGrt\libs\grt\GRT\ClusteringModules\HierarchicalClustering\HierarchicalClustering.cpp">
			<Filter>addons\ofxGrt\libs\grt\GRT\ClusteringModules\HierarchicalClustering</Filter>
		</ClCompile>
		<ClCompile Include="..\..\..\addons\ofxGrt\libs\grt\GRT\ClusteringModules\KMeans\KMeans.cpp">
			<Filter>addons\ofxGrt\libs\grt\GRT\ClusteringModules\KMeans</Filter>
		</ClCompile>
		<ClCompile Include="..\..\..\addons\ofxGrt\libs\grt\GRT\ClusteringModules\SelfOrganizingMap\SelfOrganizingMap.cpp">
			<Filter>addons\ofxGrt\libs\grt\GRT\ClusteringModules\SelfOrganizingMap</Filter>
		</ClCompile>
		<ClCompile Include="..\..\..\addons\ofxGrt\libs\grt\GRT\ContextModules\Gate.cpp">
			<Filter>addons\ofxGrt\libs\grt\GRT\ContextModules</Filter>
		</ClCompile>
		<ClCompile Include="..\..\..\addons\ofxGrt\libs\grt\GRT\CoreAlgorithms\BernoulliRBM\BernoulliRBM.cpp">
			<Filter>addons\ofxGrt\libs\grt\GRT\CoreAlgorithms\BernoulliRBM</Filter>
		</ClCompile>
		<ClCompile Include="..\..\..\addons\ofxGrt\libs\grt\GRT\CoreAlgorithms\MovementDetector\MovementDetector.cpp">
			<Filter>addons\ofxGrt\libs\grt\GRT\CoreAlgorithms\MovementDetector</Filter>
		</ClCompile>
		<ClCompile Include="..\..\..\addons\ofxGrt\libs\grt\GRT\CoreAlgorithms\PrincipalComponentAnalysis\PrincipalComponentAnalysis.cpp">
			<Filter>addons\ofxGrt\libs\grt\GRT\CoreAlgorithms\PrincipalComponentAnalysis</Filter>
		</ClCompile>
		<ClCompile Include="..\..\..\addons\ofxGrt\libs\grt\GRT\CoreAlgorithms\Tree\Node.cpp">
			<Filter>addons\ofxGrt\libs\grt\GRT\CoreAlgorithms\Tree</Filter>
		</ClCompile>
		<ClCompile Include="..\..\..\addons\ofxGrt\libs\grt\GRT\CoreAlgorithms\Tree\Tree.cpp">
			<Filter>addons\ofxGrt\libs\grt\GRT\CoreAlgorithms\Tree</Filter>
		</ClCompile>
		<ClCompile Include="..\..\..\addons\ofxGrt\libs\grt\GRT\CoreModules\Classifier.cpp">
			<Filter>addons\ofxGrt\libs\grt\GRT\CoreModules</Filter>
		</ClCompile>
		<ClCompile Include="..\..\..\addons\ofxGrt\libs\grt\GRT\CoreModules\Clusterer.cpp">
			<Filter>addons\ofxGrt\libs\grt\GRT\CoreModules</Filter>
		</ClCompile>
		<ClCompile Include="..\..\..\addons\ofxGrt\libs\grt\GRT\CoreModules\Context.cpp">
			<Filter>addons\ofxGrt\libs\grt\GRT\CoreModules</Filter>
		</ClCompile>
		<ClCompile Include="..\..\..\addons\ofxGrt\libs\grt\GRT\CoreModules\FeatureExtraction.cpp">
			<Filter>addons\ofxGrt\libs\grt\GRT\CoreModules</Filter>
		</ClCompile>
		<ClCompile Include="..\..\..\addons\ofxGrt\libs\grt\GRT\CoreModules\GestureRecognitionPipeline.cpp">
			<Filter>addons\ofxGrt\libs\grt\GRT\CoreModules</Filter>
		</ClCompile>
		<ClCompile Include="..\..\..\addons\ofxGrt\libs\grt\GRT\CoreModules\GRTBase.cpp">
			<Filter>addons\ofxGrt\libs\grt\GRT\CoreModules</Filter>
		</ClCompile>
		<ClCompile Include="..\..\..\addons\ofxGrt\libs\grt\GRT\CoreModules\MLBase.cpp">
			<Filter>addons\ofxGrt\libs\grt\GRT\CoreModules</Filter>
		</ClCompile>
		<ClCompile Include="..\..\..\addons\ofxGrt\libs\grt\GRT\CoreModules\PostProcessing.cpp">
			<Filter>addons\ofxGrt\libs\grt\GRT\CoreModules</Filter>
		</ClCompile>
		<ClCompile Include="..\..\..\addons\ofxGrt\libs\grt\GRT\CoreModules\PreProcessing.cpp">
			<Filter>addons\ofxGrt\libs\grt\GRT\CoreModules</Filter>
		</ClCompile>
		<ClCompile Include="..\..\..\addons\ofxGrt\libs\grt\GRT\CoreModules\Regressifier.cpp">
			<Filter>addons\ofxGrt\libs\grt\GRT\CoreModules</Filter>
		</ClCompile>
		<ClCompile Include="..\..\..\addons\ofxGrt\libs\grt\GRT\DataStructures\ClassificationData.cpp">
			<Filter>addons\ofxGrt\libs\grt\GRT\DataStructures</Filter>
		</ClCompile>
		<ClCompile Include="..\..\..\addons\ofxGrt\libs\grt\GRT\DataStructures\ClassificationDataStream.cpp">
			<Filter>addons\ofxGrt\libs\grt\GRT\DataStructures</Filter>
		</ClCompile>
		<ClCompile Include="..\..\..\addons\ofxGrt\libs\grt\GRT\DataStructures\ClassificationSample.cpp">
			<Filter>addons\ofxGrt\libs\grt\GRT\DataStructures</Filter>
		</ClCompile>
		<ClCompile Include="..\..\..\addons\ofxGrt\libs\grt\GRT\DataStructures\MatrixFloat.cpp">
			<Filter>addons\ofxGrt\libs\grt\GRT\DataStructures</Filter>
		</ClCompile>
		<ClCompile Include="..\..\..\addons\ofxGrt\libs\grt\GRT\DataStructures\RegressionData.cpp">
			<Filter>addons\ofxGrt\libs\grt\GRT\DataStructures</Filter>
		</ClCompile>
		<ClCompile Include="..\..\..\addons\ofxGrt\libs\grt\GRT\DataStructures\RegressionSample.cpp">
			<Filter>addons\ofxGrt\libs\grt\GRT\DataStructures</Filter>
		</ClCompile>
		<ClCompile Include="..\..\..\addons\ofxGrt\libs\grt\GRT\DataStructures\TimeSeriesClassificationData.cpp">
			<Filter>addons\ofxGrt\libs\grt\GRT\DataStructures</Filter>
		</ClCompile>
		<ClCompile Include="..\..\..\addons\ofxGrt\libs\grt\GRT\DataStructures\TimeSeriesClassificationSample.cpp">
			<Filter>addons\ofxGrt\libs\grt\GRT\DataStructures</Filter>
		</ClCompile>
		<ClCompile Include="..\..\..\addons\ofxGrt\libs\grt\GRT\DataStructures\UnlabelledData.cpp">
			<Filter>addons\ofxGrt\libs\grt\GRT\DataStructures</Filter>
		</ClCompile>
		<ClCompile Include="..\..\..\addons\ofxGrt\libs\grt\GRT\DataStructures\VectorFloat.cpp">
			<Filter>addons\ofxGrt\libs\grt\GRT\DataStructures</Filter>
		</ClCompile>
		<ClCompile Include="..\..\..\addons\ofxGrt\libs\grt\GRT\FeatureExtractionModules\EnvelopeExtractor\EnvelopeExtractor.cpp">
			<Filter>addons\ofxGrt\libs\grt\GRT\FeatureExtractionModules\EnvelopeExtractor</Filter>
		</ClCompile>
		<ClCompile Include="..\..\..\addons\ofxGrt\libs\grt\GRT\FeatureExtractionModules\FFT\FastFourierTransform.cpp">
			<Filter>addons\ofxGrt\libs\grt\GRT\FeatureExtractionModules\FFT</Filter>
		</ClCompile>
		<ClCompile Include="..\..\..\addons\ofxGrt\libs\grt\GRT\FeatureExtractionModules\FFT\FFT.cpp">
			<Filter>addons\ofxGrt\libs\grt\GRT\FeatureExtractionModules\FFT</Filter>
		</ClCompile>
		<ClCompile Include="..\..\..\addons\ofxGrt\libs\grt\GRT\FeatureExtractionModules\FFT\FFTFeatures.cpp">
			<Filter>addons\ofxGrt\libs\grt\GRT\FeatureExtractionModules\FFT</Filter>
		</ClCompile>
		<ClCompile Include="..\..\..\addons\ofxGrt\libs\grt\GRT\FeatureExtractionModules\KMeansFeatures\KMeansFeatures.cpp">
			<Filter>addons\ofxGrt\libs\grt\GRT\FeatureExtractionModules\KMeansFeatures</Filter>
		</ClCompile>
		<ClCompile Include="..\..\..\addons\ofxGrt\libs\grt\GRT\FeatureExtractionModules\KMeansQuantizer\KMeansQuantizer.cpp">
			<Filter>addons\ofxGrt\libs\grt\GRT\FeatureExtractionModules\KMeansQuantizer</Filter>
		</ClCompile>
		<ClCompile Include="..\..\..\addons\ofxGrt\libs\grt\GRT\FeatureExtractionModules\MovementIndex\MovementIndex.cpp">
			<Filter>addons\ofxGrt\libs\grt\GRT\FeatureExtractionModules\MovementIndex</Filter>
		</ClCompile>
		<ClCompile Include="..\..\..\addons\ofxGrt\libs\grt\GRT\FeatureExtractionModules\MovementTrajectoryFeatures\MovementTrajectoryFeatures.cpp">
			<Filter>addons\ofxGrt\libs\grt\GRT\FeatureExtractionModules\MovementTrajectoryFeatures</Filter>
		</ClCompile>
		<ClCompile Include="..\..\..\addons\ofxGrt\libs\grt\GRT\FeatureExtractionModules\RBMQuantizer\RBMQuantizer.cpp">
			<Filter>addons\ofxGrt\libs\grt\GRT\FeatureExtractionModules\RBMQuantizer</Filter>
		</ClCompile>
		<ClCompile Include="..\..\..\addons\ofxGrt\libs\grt\GRT\FeatureExtractionModules\SOMQuantizer\SOMQuantizer.cpp">
			<Filter>addons\ofxGrt\libs\grt\GRT\FeatureExtractionModules\SOMQuantizer</Filter>
		</ClCompile>
		<ClCompile Include="..\..\..\addons\ofxGrt\libs\grt\GRT\FeatureExtractionModules\TimeDomainFeatures\TimeDomainFeatures.cpp">
			<Filter>addons\ofxGrt\libs\grt\GRT\FeatureExtractionModules\TimeDomainFeatures</Filter>
		</ClCompile>
		<ClCompile Include="..\..\..\addons\ofxGrt\libs\grt\GRT\FeatureExtractionModules\TimeseriesBuffer\TimeseriesBuffer.cpp">
			<Filter>addons\ofxGrt\libs\grt\GRT\FeatureExtractionModules\TimeseriesBuffer</Filter>
		</ClCompile>
		<ClCompile Include="..\..\..\addons\ofxGrt\libs\grt\GRT\FeatureExtractionModules\ZeroCrossingCounter\ZeroCrossingCounter.cpp">
			<Filter>addons\ofxGrt\libs\grt\GRT\FeatureExtractionModules\ZeroCrossingCounter</Filter>
		</ClCompile>
		<ClCompile Include="..\..\..\addons\ofxGrt\libs\grt\GRT\PostProcessingModules\ClassLabelChangeFilter.cpp">
			<Filter>addons\ofxGrt\libs\grt\GRT\PostProcessingModules</Filter>
		</ClCompile>
		<ClCompile Include="..\..\..\addons\ofxGrt\libs\grt\GRT\PostProcessingModules\ClassLabelFilter.cpp">
			<Filter>addons\ofxGrt\libs\grt\GRT\PostProcessingModules</Filter>
		</ClCompile>
		<ClCompile Include="..\..\..\addons\ofxGrt\libs\grt\GRT\PostProcessingModules\ClassLabelTimeoutFilter.cpp">
			<Filter>addons\ofxGrt\libs\grt\GRT\PostProcessingModules</Filter>
		</ClCompile>
		<ClCompile Include="..\..\..\addons\ofxGrt\libs\grt\GRT\PreProcessingModules\DeadZone.cpp">
			<Filter>addons\ofxGrt\libs\grt\GRT\PreProcessingModules</Filter>
		</ClCompile>
		<ClCompile Include="..\..\..\addons\ofxGrt\libs\grt\GRT\PreProcessingModules\Derivative.cpp">
			<Filter>addons\ofxGrt\libs\grt\GRT\PreProcessingModules</Filter>
		</ClCompile>
		<ClCompile Include="..\..\..\addons\ofxGrt\libs\grt\GRT\PreProcessingModules\DoubleMovingAverageFilter.cpp">
			<Filter>addons\ofxGrt\libs\grt\GRT\PreProcessingModules</Filter>
		</ClCompile>
		<ClCompile Include="..\..\..\addons\ofxGrt\libs\grt\GRT\PreProcessingModules\FIRFilter.cpp">
			<Filter>addons\ofxGrt\libs\grt\GRT\PreProcessingModules</Filter>
		</ClCompile>
		<ClCompile Include="..\..\..\addons\ofxGrt\libs\grt\GRT\PreProcessingModules\HighPassFilter.cpp">
			<Filter>addons\ofxGrt\libs\grt\GRT\PreProcessingModules</Filter>
		</ClCompile>
		<ClCompile Include="..\..\..\addons\ofxGrt\libs\grt\GRT\PreProcessingModules\LeakyIntegrator.cpp">
			<Filter>addons\ofxGrt\libs\grt\GRT\PreProcessingModules</Filter>
		</ClCompile>
		<ClCompile Include="..\..\..\addons\ofxGrt\libs\grt\GRT\PreProcessingModules\LowPassFilter.cpp">
			<Filter>addons\ofxGrt\libs\grt\GRT\PreProcessingModules</Filter>
		</ClCompile>
		<ClCompile Include="..\..\..\addons\ofxGrt\libs\grt\GRT\PreProcessingModules\MedianFilter.cpp">
			<Filter>addons\ofxGrt\libs\grt\GRT\PreProcessingModules</Filter>
		</ClCompile>
		<ClCompile Include="..\..\..\addons\ofxGrt\libs\grt\GRT\PreProcessingModules\MovingAverageFilter.cpp">
			<Filter>addons\ofxGrt\libs\grt\GRT\PreProcessingModules</Filter>
		</ClCompile>
		<ClCompile Include="..\..\..\addons\ofxGrt\libs\grt\GRT\PreProcessingModules\RMSFilter.cpp">
			<Filter>addons\ofxGrt\libs\grt\GRT\PreProcessingModules</Filter>
		</ClCompile>
		<ClCompile Include="..\..\..\addons\ofxGrt\libs\grt\GRT\PreProcessingModules\SavitzkyGolayFilter.cpp">
			<Filter>addons\ofxGrt\libs\grt\GRT\PreProcessingModules</Filter>
		</ClCompile>
		<ClCompile Include="..\..\..\addons\ofxGrt\libs\grt\GRT\PreProcessingModules\WeightedAverageFilter.cpp">
			<Filter>addons\ofxGrt\libs\grt\GRT\PreProcessingModules</Filter>
		</ClCompile>
		<ClCompile Include="..\..\..\addons\ofxGrt\libs\grt\GRT\RegressionModules\ArtificialNeuralNetworks\MLP\MLP.cpp">
			<Filter>addons\ofxGrt\libs\grt\GRT\RegressionModules\ArtificialNeuralNetworks\MLP</Filter>
		</ClCompile>
		<ClCompile Include="..\..\..\addons\ofxGrt\libs\grt\GRT\RegressionModules\ArtificialNeuralNetworks\MLP\Neuron.cpp">
			<Filter>addons\ofxGrt\libs\grt\GRT\RegressionModules\ArtificialNeuralNetworks\MLP</Filter>
		</ClCompile>
		<ClCompile Include="..\..\..\addons\ofxGrt\libs\grt\GRT\RegressionModules\LinearRegression\LinearRegression.cpp">
			<Filter>addons\ofxGrt\libs\grt\GRT\RegressionModules\LinearRegression</Filter>
		</ClCompile>
		<ClCompile Include="..\..\..\addons\ofxGrt\libs\grt\GRT\RegressionModules\LogisticRegression\LogisticRegression.cpp">
			<Filter>addons\ofxGrt\libs\grt\GRT\RegressionModules\LogisticRegression</Filter>
		</ClCompile>
		<ClCompile Include="..\..\..\addons\ofxGrt\libs\grt\GRT\RegressionModules\MultidimensionalRegression\MultidimensionalRegression.cpp">
			<Filter>addons\ofxGrt\libs\grt\GRT\RegressionModules\MultidimensionalRegression</Filter>
		</ClCompile>
		<ClCompile Include="..\..\..\addons\ofxGrt\libs\grt\GRT\RegressionModules\RegressionTree\RegressionTree.cpp">
			<Filter>addons\ofxGrt\libs\grt\GRT\RegressionModules\RegressionTree</Filter>
		</ClCompile>
		<ClCompile Include="..\..\..\addons\ofxGrt\libs\grt\GRT\Util\Cholesky.cpp">
			<Filter>addons\ofxGrt\libs\grt\GRT\Util</Filter>
		</ClCompile>
		<ClCompile Include="..\..\..\addons\ofxGrt\libs\grt\GRT\Util\DebugLog.cpp">
			<Filter>addons\ofxGrt\libs\grt\GRT\Util</Filter>
		</ClCompile>
		<ClCompile Include="..\..\..\addons\ofxGrt\libs\grt\GRT\Util\EigenvalueDecomposition.cpp">
			<Filter>addons\ofxGrt\libs\grt\GRT\Util</Filter>
		</ClCompile>
		<ClCompile Include="..\..\..\addons\ofxGrt\libs\grt\GRT\Util\ErrorLog.cpp">
			<Filter>addons\ofxGrt\libs\grt\GRT\Util</Filter>
		</ClCompile>
		<ClCompile Include="..\..\..\addons\ofxGrt\libs\grt\GRT\Util\InfoLog.cpp">
			<Filter>addons\ofxGrt\libs\grt\GRT\Util</Filter>
		</ClCompile>
		<ClCompile Include="..\..\..\addons\ofxGrt\libs\grt\GRT\Util\LUDecomposition.cpp">
			<Filter>addons\ofxGrt\libs\grt\GRT\Util</Filter>
		</ClCompile>
		<ClCompile Include="..\..\..\addons\ofxGrt\libs\grt\GRT\Util\Metrics.cpp">
			<Filter>addons\ofxGrt\libs\grt\GRT\Util</Filter>
		</ClCompile>
		<ClCompile Include="..\..\..\addons\ofxGrt\libs\grt\GRT\Util\PeakDetection.cpp">
			<Filter>addons\ofxGrt\libs\grt\GRT\Util</Filter>
		</ClCompile>
		<ClCompile Include="..\..\..\addons\ofxGrt\libs\grt\GRT\Util\Random.cpp">
			<Filter>addons\ofxGrt\libs\grt\GRT\Util</Filter>
		</ClCompile>
		<ClCompile Include="..\..\..\addons\ofxGrt\libs\grt\GRT\Util\RangeTracker.cpp">
			<Filter>addons\ofxGrt\libs\grt\GRT\Util</Filter>
		</ClCompile>
		<ClCompile Include="..\..\..\addons\ofxGrt\libs\grt\GRT\Util\SVD.cpp">
			<Filter>addons\ofxGrt\libs\grt\GRT\Util</Filter>
		</ClCompile>
		<ClCompile Include="..\..\..\addons\ofxGrt\libs\grt\GRT\Util\TestingLog.cpp">
			<Filter>addons\ofxGrt\libs\grt\GRT\Util</Filter>
		</ClCompile>
		<ClCompile Include="..\..\..\addons\ofxGrt\libs\grt\GRT\Util\ThreadPool.cpp">
			<Filter>addons\ofxGrt\libs\grt\GRT\Util</Filter>
		</ClCompile>
		<ClCompile Include="..\..\..\addons\ofxGrt\libs\grt\GRT\Util\ThresholdCrossingDetector.cpp">
			<Filter>addons\ofxGrt\libs\grt\GRT\Util</Filter>
		</ClCompile>
		<ClCompile Include="..\..\..\addons\ofxGrt\libs\grt\GRT\Util\TimeSeriesClassificationSampleTrimmer.cpp">
			<Filter>addons\ofxGrt\libs\grt\GRT\Util</Filter>
		</ClCompile>
		<ClCompile Include="..\..\..\addons\ofxGrt\libs\grt\GRT\Util\TrainingDataRecordingTimer.cpp">
			<Filter>addons\ofxGrt\libs\grt\GRT\Util</Filter>
		</ClCompile>
		<ClCompile Include="..\..\..\addons\ofxGrt\libs\grt\GRT\Util\TrainingLog.cpp">
			<Filter>addons\ofxGrt\libs\grt\GRT\Util</Filter>
		</ClCompile>
		<ClCompile Include="..\..\..\addons\ofxGrt\libs\grt\GRT\Util\Util.cpp">
			<Filter>addons\ofxGrt\libs\grt\GRT\Util</Filter>
		</ClCompile>
		<ClCompile Include="..\..\..\addons\ofxGrt\libs\grt\GRT\Util\WarningLog.cpp">
			<Filter>addons\ofxGrt\libs\grt\GRT\Util</Filter>
		</ClCompile>
		<ClCompile Include="..\..\..\addons\ofxGui\src\ofxBaseGui.cpp">
			<Filter>addons\ofxGui\src</Filter>
		</ClCompile>
		<ClCompile Include="..\..\..\addons\ofxGui\src\ofxButton.cpp">
			<Filter>addons\ofxGui\src</Filter>
		</ClCompile>
		<ClCompile Include="..\..\..\addons\ofxGui\src\ofxColorPicker.cpp">
			<Filter>addons\ofxGui\src</Filter>
		</ClCompile>
		<ClCompile Include="..\..\..\addons\ofxGui\src\ofxGuiGroup.cpp">
			<Filter>addons\ofxGui\src</Filter>
		</ClCompile>
		<ClCompile Include="..\..\..\addons\ofxGui\src\ofxInputField.cpp">
			<Filter>addons\ofxGui\src</Filter>
		</ClCompile>
		<ClCompile Include="..\..\..\addons\ofxGui\src\ofxLabel.cpp">
			<Filter>addons\ofxGui\src</Filter>
		</ClCompile>
		<ClCompile Include="..\..\..\addons\ofxGui\src\ofxPanel.cpp">
			<Filter>addons\ofxGui\src</Filter>
		</ClCompile>
		<ClCompile Include="..\..\..\addons\ofxGui\src\ofxSlider.cpp">
			<Filter>addons\ofxGui\src</Filter>
		</ClCompile>
		<ClCompile Include="..\..\..\addons\ofxGui\src\ofxSliderGroup.cpp">
			<Filter>addons\ofxGui\src</Filter>
		</ClCompile>
		<ClCompile Include="..\..\..\addons\ofxGui\src\ofxToggle.cpp">
			<Filter>addons\ofxGui\src</Filter>
		</ClCompile>
		<ClCompile Include="..\..\..\addons\ofxOsc\src\ofxOscBundle.cpp">
			<Filter>addons\ofxOsc\src</Filter>
		</ClCompile>
		<ClCompile Include="..\..\..\addons\ofxOsc\src\ofxOscMessage.cpp">
			<Filter>addons\ofxOsc\src</Filter>
		</ClCompile>
		<ClCompile Include="..\..\..\addons\ofxOsc\src\ofxOscParameterSync.cpp">
			<Filter>addons\ofxOsc\src</Filter>
		</ClCompile>
		<ClCompile Include="..\..\..\addons\ofxOsc\src\ofxOscReceiver.cpp">
			<Filter>addons\ofxOsc\src</Filter>
		</ClCompile>
		<ClCompile Include="..\..\..\addons\ofxOsc\src\ofxOscSender.cpp">
			<Filter>addons\ofxOsc\src</Filter>
		</ClCompile>
		<ClCompile Include="..\..\..\addons\ofxOsc\libs\oscpack\src\ip\IpEndpointName.cpp">
			<Filter>addons\ofxOsc\libs\oscpack\src\ip</Filter>
		</ClCompile>
		<ClCompile Include="..\..\..\addons\ofxOsc\libs\oscpack\src\ip\win32\NetworkingUtils.cpp">
			<Filter>addons\ofxOsc\libs\oscpack\src\ip\win32</Filter>
		</ClCompile>
		<ClCompile Include="..\..\..\addons\ofxOsc\libs\oscpack\src\ip\win32\UdpSocket.cpp">
			<Filter>addons\ofxOsc\libs\oscpack\src\ip\win32</Filter>
		</ClCompile>
		<ClCompile Include="..\..\..\addons\ofxOsc\libs\oscpack\src\osc\OscOutboundPacketStream.cpp">
			<Filter>addons\ofxOsc\libs\oscpack\src\osc</Filter>
		</ClCompile>
		<ClCompile Include="..\..\..\addons\ofxOsc\libs\oscpack\src\osc\OscPrintReceivedElements.cpp">
			<Filter>addons\ofxOsc\libs\oscpack\src\osc</Filter>
		</ClCompile>
		<ClCompile Include="..\..\..\addons\ofxOsc\libs\oscpack\src\osc\OscReceivedElements.cpp">
			<Filter>addons\ofxOsc\libs\oscpack\src\osc</Filter>
		</ClCompile>
		<ClCompile Include="..\..\..\addons\ofxOsc\libs\oscpack\src\osc\OscTypes.cpp">
			<Filter>addons\ofxOsc\libs\oscpack\src\osc</Filter>
		</ClCompile>
	</ItemGroup>
	<ItemGroup>
		<Filter Include="src">
			<UniqueIdentifier>{d8376475-7454-4a24-b08a-aac121d3ad6f}</UniqueIdentifier>
		</Filter>
		<Filter Include="addons">
			<UniqueIdentifier>{71834F65-F3A9-211E-73B8-DC85}</UniqueIdentifier>
		</Filter>
		<Filter Include="addons\ofxBox2d">
			<UniqueIdentifier>{435F066C-A3EF-F90C-D930-5DE7}</UniqueIdentifier>
		</Filter>
		<Filter Include="addons\ofxBox2d\src">
			<UniqueIdentifier>{7A97F15D-7A50-0049-F300-F102}</UniqueIdentifier>
		</Filter>
		<Filter Include="addons\ofxBox2d\libs">
			<UniqueIdentifier>{A4BFE656-7C22-80B2-4EAC-77CE}</UniqueIdentifier>
		</Filter>
		<Filter Include="addons\ofxBox2d\libs\Box2D">
			<UniqueIdentifier>{22844E4A-BE82-E365-04EA-7B52}</UniqueIdentifier>
		</Filter>
		<Filter Include="addons\ofxBox2d\libs\Box2D\src">
			<UniqueIdentifier>{A39B3D12-621A-C1B8-D1FF-C3F4}</UniqueIdentifier>
		</Filter>
		<Filter Include="addons\ofxBox2d\libs\Box2D\src\Box2D">
			<UniqueIdentifier>{4B818E62-14D5-B40F-6BA0-633D}</UniqueIdentifier>
		</Filter>
		<Filter Include="addons\ofxBox2d\libs\Box2D\src\Box2D\Collision">
			<UniqueIdentifier>{56635109-01AD-F338-0D5A-B002}</UniqueIdentifier>
		</Filter>
		<Filter Include="addons\ofxBox2d\libs\Box2D\src\Box2D\Collision\Shapes">
			<UniqueIdentifier>{BB406C85-889C-752D-B523-A40D}</UniqueIdentifier>
		</Filter>
		<Filter Include="addons\ofxBox2d\libs\Box2D\src\Box2D\Common">
			<UniqueIdentifier>{89FC63FC-D54D-DE9C-BBDD-0799}</UniqueIdentifier>
		</Filter>
		<Filter Include="addons\ofxBox2d\libs\Box2D\src\Box2D\Dynamics">
			<UniqueIdentifier>{40790B28-7322-A62F-417A-B1BB}</UniqueIdentifier>
		</Filter>
		<Filter Include="addons\ofxBox2d\libs\Box2D\src\Box2D\Dynamics\Contacts">
			<UniqueIdentifier>{4368DB4B-CE6A-92BB-2529-A249}</UniqueIdentifier>
		</Filter>
		<Filter Include="addons\ofxBox2d\libs\Box2D\src\Box2D\Dynamics\Joints">
			<UniqueIdentifier>{8F23F76A-328C-6771-6537-5EE9}</UniqueIdentifier>
		</Filter>
		<Filter Include="addons\ofxBox2d\libs\Box2D\src\Box2D\Rope">
			<UniqueIdentifier>{5B89DB22-089C-9A2F-20FB-4FC9}</UniqueIdentifier>
		</Filter>
		<Filter Include="addons\ofxBox2d\libs\ConvexDecomposition">
			<UniqueIdentifier>{890A35AD-19D3-2673-6A07-2363}</UniqueIdentifier>
		</Filter>
		<Filter Include="addons\ofxBox2d\libs\ConvexDecomposition\src">
			<UniqueIdentifier>{252EB5AC-A43B-6CDA-7601-0722}</UniqueIdentifier>
		</Filter>
		<Filter Include="addons\ofxBox2d\libs\ConvexDecomposition\src\ConvexDecomposition">
			<UniqueIdentifier>{91C0C84F-D210-7DFF-5117-F6FF}</UniqueIdentifier>
		</Filter>
		<Filter Include="addons\ofxBox2d\libs\triangle">
			<UniqueIdentifier>{59DDA46B-31F2-D064-1590-F1FA}</UniqueIdentifier>
		</Filter>
		<Filter Include="addons\ofxBox2d\libs\triangle\src">
			<UniqueIdentifier>{749E7317-47C2-4060-5090-B539}</UniqueIdentifier>
		</Filter>
		<Filter Include="addons\ofxBox2d\libs\triangle\src\triangle">
			<UniqueIdentifier>{31670DE5-7DA6-F226-AE6E-84D3}</UniqueIdentifier>
		</Filter>
		<Filter Include="addons\ofxGrt">
			<UniqueIdentifier>{B9CDA281-3EF0-310A-CFFF-9CA8}</UniqueIdentifier>
		</Filter>
		<Filter Include="addons\ofxGrt\src">
			<UniqueIdentifier>{9E11420D-7902-46DB-B42F-8428}</UniqueIdentifier>
		</Filter>
		<Filter Include="addons\ofxGrt\libs">
			<UniqueIdentifier>{75CB6F63-231A-7998-7AD8-2E21}</UniqueIdentifier>
		</Filter>
		<Filter Include="addons\ofxGrt\libs\grt">
			<UniqueIdentifier>{A9A01A11-6D35-0C7E-B42F-162B}</UniqueIdentifier>
		</Filter>
		<Filter Include="addons\ofxGrt\libs\grt\GRT">
			<UniqueIdentifier>{CB4CCA02-9174-A31F-F9DF-CFD7}</UniqueIdentifier>
		</Filter>
		<Filter Include="addons\ofxGrt\libs\grt\GRT\ClassificationModules">
			<UniqueIdentifier>{B5671682-C168-5A16-3973-14CD}</UniqueIdentifier>
		</Filter>
		<Filter Include="addons\ofxGrt\libs\grt\GRT\ClassificationModules\AdaBoost">
			<UniqueIdentifier>{80E14249-3366-3935-AFA8-A803}</UniqueIdentifier>
		</Filter>
		<Filter Include="addons\ofxGrt\libs\grt\GRT\ClassificationModules\AdaBoost\WeakClassifiers">
			<UniqueIdentifier>{7A6F721F-234C-9CB7-2B5F-065C}</UniqueIdentifier>
		</Filter>
		<Filter Include="addons\ofxGrt\libs\grt\GRT\ClassificationModules\ANBC">
			<UniqueIdentifier>{AE31E028-8C74-71A5-4D3C-1072}</UniqueIdentifier>
		</Filter>
		<Filter Include="addons\ofxGrt\libs\grt\GRT\ClassificationModules\BAG">
			<UniqueIdentifier>{BC8F4FA7-FDC9-7F3C-FECA-3B22}</UniqueIdentifier>
		</Filter>
		<Filter Include="addons\ofxGrt\libs\grt\GRT\ClassificationModules\DecisionTree">
			<UniqueIdentifier>{F4200C9B-ACD7-F62F-7DC7-6694}</UniqueIdentifier>
		</Filter>
		<Filter Include="addons\ofxGrt\libs\grt\GRT\ClassificationModules\DTW">
			<UniqueIdentifier>{1C001D59-F2E8-276A-DA1F-1863}</UniqueIdentifier>
		</Filter>
		<Filter Include="addons\ofxGrt\libs\grt\GRT\ClassificationModules\FiniteStateMachine">
			<UniqueIdentifier>{6BCAACCD-8DC6-F8D8-65BB-FA6D}</UniqueIdentifier>
		</Filter>
		<Filter Include="addons\ofxGrt\libs\grt\GRT\ClassificationModules\GMM">
			<UniqueIdentifier>{802F3FAE-DCE3-FFFA-9C4D-3FE6}</UniqueIdentifier>
		</Filter>
		<Filter Include="addons\ofxGrt\libs\grt\GRT\ClassificationModules\HMM">
			<UniqueIdentifier>{0D5BF2E6-65F3-F0DB-5801-982E}</UniqueIdentifier>
		</Filter>
		<Filter Include="addons\ofxGrt\libs\grt\GRT\ClassificationModules\KNN">
			<UniqueIdentifier>{CDA65B73-E64B-6A11-3E14-8FE0}</UniqueIdentifier>
		</Filter>
		<Filter Include="addons\ofxGrt\libs\grt\GRT\ClassificationModules\MinDist">
			<UniqueIdentifier>{C2D06C71-C254-DE7D-A056-9C20}</UniqueIdentifier>
		</Filter>
		<Filter Include="addons\ofxGrt\libs\grt\GRT\ClassificationModules\ParticleClassifier">
			<UniqueIdentifier>{6570BC77-3EAE-C51F-AA8B-D3D9}</UniqueIdentifier>
		</Filter>
		<Filter Include="addons\ofxGrt\libs\grt\GRT\ClassificationModules\RandomForests">
			<UniqueIdentifier>{593D2638-A4D8-EE25-987B-63D5}</UniqueIdentifier>
		</Filter>
		<Filter Include="addons\ofxGrt\libs\grt\GRT\ClassificationModules\Softmax">
			<UniqueIdentifier>{5FE72BB3-5173-99D3-1DB8-C202}</UniqueIdentifier>
		</Filter>
		<Filter Include="addons\ofxGrt\libs\grt\GRT\ClassificationModules\SVM">
			<UniqueIdentifier>{902DAAEA-F409-6F8B-B07F-98F6}</UniqueIdentifier>
		</Filter>
		<Filter Include="addons\ofxGrt\libs\grt\GRT\ClassificationModules\SVM\LIBSVM">
			<UniqueIdentifier>{B20335F2-D041-362C-6E17-97A2}</UniqueIdentifier>
		</Filter>
		<Filter Include="addons\ofxGrt\libs\grt\GRT\ClassificationModules\SwipeDetector">
			<UniqueIdentifier>{566868BD-8727-65AE-E037-A4F5}</UniqueIdentifier>
		</Filter>
		<Filter Include="addons\ofxGrt\libs\grt\GRT\ClusteringModules">
			<UniqueIdentifier>{B2CDED30-3902-616A-E155-BAD8}</UniqueIdentifier>
		</Filter>
		<Filter Include="addons\ofxGrt\libs\grt\GRT\ClusteringModules\ClusterTree">
			<UniqueIdentifier>{A90FF295-55CC-63E8-132D-E49D}</UniqueIdentifier>
		</Filter>
		<Filter Include="addons\ofxGrt\libs\grt\GRT\ClusteringModules\GaussianMixtureModels">
			<UniqueIdentifier>{01DD5879-6A00-3187-8A77-E025}</UniqueIdentifier>
		</Filter>
		<Filter Include="addons\ofxGrt\libs\grt\GRT\ClusteringModules\HierarchicalClustering">
			<UniqueIdentifier>{4D68586F-49F3-DDAE-0B87-0760}</UniqueIdentifier>
		</Filter>
		<Filter Include="addons\ofxGrt\libs\grt\GRT\ClusteringModules\KMeans">
			<UniqueIdentifier>{8D1A9776-9434-0C16-836A-6689}</UniqueIdentifier>
		</Filter>
		<Filter Include="addons\ofxGrt\libs\grt\GRT\ClusteringModules\SelfOrganizingMap">
			<UniqueIdentifier>{7ABCDA1B-C364-A105-E2E2-7453}</UniqueIdentifier>
		</Filter>
		<Filter Include="addons\ofxGrt\libs\grt\GRT\ContextModules">
			<UniqueIdentifier>{2976FD3E-4EFE-DE79-BF4E-5A23}</UniqueIdentifier>
		</Filter>
		<Filter Include="addons\ofxGrt\libs\grt\GRT\CoreAlgorithms">
			<UniqueIdentifier>{B8E16D44-7266-84B6-ED22-2678}</UniqueIdentifier>
		</Filter>
		<Filter Include="addons\ofxGrt\libs\grt\GRT\CoreAlgorithms\BernoulliRBM">
			<UniqueIdentifier>{3B37BAC6-036C-115D-7CD3-8679}</UniqueIdentifier>
		</Filter>
		<Filter Include="addons\ofxGrt\libs\grt\GRT\CoreAlgorithms\EvolutionaryAlgorithm">
			<UniqueIdentifier>{3CD30985-0D1D-0FB2-5DCF-0A6F}</UniqueIdentifier>
		</Filter>
		<Filter Include="addons\ofxGrt\libs\grt\GRT\CoreAlgorithms\GridSearch">
			<UniqueIdentifier>{FDD1505D-F103-CCC0-9730-20AC}</UniqueIdentifier>
		</Filter>
		<Filter Include="addons\ofxGrt\libs\grt\GRT\CoreAlgorithms\LeastSquares">
			<UniqueIdentifier>{E4D25B2E-75D5-2DB8-8F96-CEDF}</UniqueIdentifier>
		</Filter>
		<Filter Include="addons\ofxGrt\libs\grt\GRT\CoreAlgorithms\MeanShift">
			<UniqueIdentifier>{79274883-3C1B-0330-0979-5D2C}</UniqueIdentifier>
		</Filter>
		<Filter Include="addons\ofxGrt\libs\grt\GRT\CoreAlgorithms\MovementDetector">
			<UniqueIdentifier>{2E01D111-3C04-4401-E5BD-FCEB}</UniqueIdentifier>
		</Filter>
		<Filter Include="addons\ofxGrt\libs\grt\GRT\CoreAlgorithms\ParticleFilter">
			<UniqueIdentifier>{EF5A3BA4-CA6F-2416-DC74-5AD5}</UniqueIdentifier>
		</Filter>
		<Filter Include="addons\ofxGrt\libs\grt\GRT\CoreAlgorithms\ParticleSwarmOptimization">
			<UniqueIdentifier>{EBC1B94C-FC6D-87F9-6757-9A1D}</UniqueIdentifier>
		</Filter>
		<Filter Include="addons\ofxGrt\libs\grt\GRT\CoreAlgorithms\PrincipalComponentAnalysis">
			<UniqueIdentifier>{4E7859D6-6467-FCE4-3DFC-C22E}</UniqueIdentifier>
		</Filter>
		<Filter Include="addons\ofxGrt\libs\grt\GRT\CoreAlgorithms\Tree">
			<UniqueIdentifier>{8B603844-49FD-02EE-4769-4AD0}</UniqueIdentifier>
		</Filter>
		<Filter Include="addons\ofxGrt\libs\grt\GRT\CoreModules">
			<UniqueIdentifier>{A3C6640E-74B4-5729-FC49-8EFD}</UniqueIdentifier>
		</Filter>
		<Filter Include="addons\ofxGrt\libs\grt\GRT\DataStructures">
			<UniqueIdentifier>{E4E4B93D-764A-DA42-D84F-7356}</UniqueIdentifier>
		</Filter>
		<Filter Include="addons\ofxGrt\libs\grt\GRT\FeatureExtractionModules">
			<UniqueIdentifier>{01946438-1E02-EE4D-FB77-EAD0}</UniqueIdentifier>
		</Filter>
		<Filter Include="addons\ofxGrt\libs\grt\GRT\FeatureExtractionModules\EnvelopeExtractor">
			<UniqueIdentifier>{9F33A2C0-96EE-067E-B9DD-EF48}</UniqueIdentifier>
		</Filter>
		<Filter Include="addons\ofxGrt\libs\grt\GRT\FeatureExtractionModules\FFT">
			<UniqueIdentifier>{5381EA09-A4E8-0634-67BB-8627}</UniqueIdentifier>
		</Filter>
		<Filter Include="addons\ofxGrt\libs\grt\GRT\FeatureExtractionModules\KMeansFeatures">
			<UniqueIdentifier>{900B82B0-C270-6D4C-F5C5-087B}</UniqueIdentifier>
		</Filter>
		<Filter Include="addons\ofxGrt\libs\grt\GRT\FeatureExtractionModules\KMeansQuantizer">
			<UniqueIdentifier>{DA55C91B-4EE1-2244-B743-92E6}</UniqueIdentifier>
		</Filter>
		<Filter Include="addons\ofxGrt\libs\grt\GRT\FeatureExtractionModules\MovementIndex">
			<UniqueIdentifier>{37A78572-753A-977B-C19C-F210}</UniqueIdentifier>
		</Filter>
		<Filter Include="addons\ofxGrt\libs\grt\GRT\FeatureExtractionModules\MovementTrajectoryFeatures">
			<UniqueIdentifier>{E819D209-30F9-97A0-2233-7350}</UniqueIdentifier>
		</Filter>
		<Filter Include="addons\ofxGrt\libs\grt\GRT\FeatureExtractionModules\RBMQuantizer">
			<UniqueIdentifier>{DA71063E-8684-BE98-2DB2-D894}</UniqueIdentifier>
		</Filter>
		<Filter Include="addons\ofxGrt\libs\grt\GRT\FeatureExtractionModules\SOMQuantizer">
			<UniqueIdentifier>{F18FAD49-CBF6-CD99-2C22-85C2}</UniqueIdentifier>
		</Filter>
		<Filter Include="addons\ofxGrt\libs\grt\GRT\FeatureExtractionModules\TimeDomainFeatures">
			<UniqueIdentifier>{BA2FEEB5-A21A-660F-EB76-92C8}</UniqueIdentifier>
		</Filter>
		<Filter Include="addons\ofxGrt\libs\grt\GRT\FeatureExtractionModules\TimeseriesBuffer">
			<UniqueIdentifier>{057C3D60-D4AF-89F0-01A7-4A25}</UniqueIdentifier>
		</Filter>
		<Filter Include="addons\ofxGrt\libs\grt\GRT\FeatureExtractionModules\ZeroCrossingCounter">
			<UniqueIdentifier>{23B7A82E-618A-AA0F-CE4B-A610}</UniqueIdentifier>
		</Filter>
		<Filter Include="addons\ofxGrt\libs\grt\GRT\PostProcessingModules">
			<UniqueIdentifier>{D573203D-03EB-5FDD-7F98-0081}</UniqueIdentifier>
		</Filter>
		<Filter Include="addons\ofxGrt\libs\grt\GRT\PreProcessingModules">
			<UniqueIdentifier>{8514688E-E537-CE97-67BC-B9B3}</UniqueIdentifier>
		</Filter>
		<Filter Include="addons\ofxGrt\libs\grt\GRT\RegressionModules">
			<UniqueIdentifier>{BC155B2B-0F79-C6C5-5045-7F20}</UniqueIdentifier>
		</Filter>
		<Filter Include="addons\ofxGrt\libs\grt\GRT\RegressionModules\ArtificialNeuralNetworks">
			<UniqueIdentifier>{2CE1B941-77B8-779D-9336-2F7F}</UniqueIdentifier>
		</Filter>
		<Filter Include="addons\ofxGrt\libs\grt\GRT\RegressionModules\ArtificialNeuralNetworks\MLP">
			<UniqueIdentifier>{7F86EF90-26F9-4783-FEEC-F520}</UniqueIdentifier>
		</Filter>
		<Filter Include="addons\ofxGrt\libs\grt\GRT\RegressionModules\LinearRegression">
			<UniqueIdentifier>{FF6F768A-B5DF-8D9B-438E-E6AD}</UniqueIdentifier>
		</Filter>
		<Filter Include="addons\ofxGrt\libs\grt\GRT\RegressionModules\LogisticRegression">
			<UniqueIdentifier>{394077B9-A5CD-8CBD-4365-8E67}</UniqueIdentifier>
		</Filter>
		<Filter Include="addons\ofxGrt\libs\grt\GRT\RegressionModules\MultidimensionalRegression">
			<UniqueIdentifier>{97EBA362-4E4E-1C07-298E-A9D7}</UniqueIdentifier>
		</Filter>
		<Filter Include="addons\ofxGrt\libs\grt\GRT\RegressionModules\RegressionTree">
			<UniqueIdentifier>{63C08090-98EE-DDB7-89A4-5EF2}</UniqueIdentifier>
		</Filter>
		<Filter Include="addons\ofxGrt\libs\grt\GRT\Util">
			<UniqueIdentifier>{FB6B4059-75F2-D5D9-C2E3-91A5}</UniqueIdentifier>
		</Filter>
		<Filter Include="addons\ofxGui">
			<UniqueIdentifier>{4F2A59AF-5F4E-704B-D067-EC13}</UniqueIdentifier>
		</Filter>
		<Filter Include="addons\ofxGui\src">
			<UniqueIdentifier>{645E9533-4DCD-6179-1CDF-CB65}</UniqueIdentifier>
		</Filter>
		<Filter Include="addons\ofxOsc">
			<UniqueIdentifier>{D91DCA33-6E5D-4481-2AEC-9FBB}</UniqueIdentifier>
		</Filter>
		<Filter Include="addons\ofxOsc\src">
			<UniqueIdentifier>{B9DD339A-D93D-92A1-0A2F-4B41}</UniqueIdentifier>
		</Filter>
		<Filter Include="addons\ofxOsc\libs">
			<UniqueIdentifier>{99ECA1D9-873F-4622-8FC0-FC7B}</UniqueIdentifier>
		</Filter>
		<Filter Include="addons\ofxOsc\libs\oscpack">
			<UniqueIdentifier>{D3A98534-1602-4FEF-57A6-6593}</UniqueIdentifier>
		</Filter>
		<Filter Include="addons\ofxOsc\libs\oscpack\src">
			<UniqueIdentifier>{BFB5BB47-98C8-BBCB-3066-1046}</UniqueIdentifier>
		</Filter>
		<Filter Include="addons\ofxOsc\libs\oscpack\src\ip">
			<UniqueIdentifier>{5A029128-EB41-95C5-CBC0-CDED}</UniqueIdentifier>
		</Filter>
		<Filter Include="addons\ofxOsc\libs\oscpack\src\ip\win32">
			<UniqueIdentifier>{79DFDFE2-400B-8654-3675-01A3}</UniqueIdentifier>
		</Filter>
		<Filter Include="addons\ofxOsc\libs\oscpack\src\osc">
			<UniqueIdentifier>{EDACB89C-9768-9551-4D41-B590}</UniqueIdentifier>
		</Filter>
	</ItemGroup>
	<ItemGroup>
		<ClInclude Include="src\ofApp.h">
			<Filter>src</Filter>
		</ClInclude>
		<ClInclude Include="src\chainEvent.h">
			<Filter>src</Filter>
		</ClInclude>
		<ClInclude Include="src\learner.h">
			<Filter>src</Filter>
		</ClInclude>
		<ClInclude Include="src\ofApp.h">
			<Filter>src</Filter>
		</ClInclude>
		<ClInclude Include="src\user.h">
			<Filter>src</Filter>
		</ClInclude>
		<ClInclude Include="..\..\..\addons\ofxBox2d\src\ofxBox2d.h">
			<Filter>addons\ofxBox2d\src</Filter>
		</ClInclude>
		<ClInclude Include="..\..\..\addons\ofxBox2d\src\ofxBox2dBaseShape.h">
			<Filter>addons\ofxBox2d\src</Filter>
		</ClInclude>
		<ClInclude Include="..\..\..\addons\ofxBox2d\src\ofxBox2dCircle.h">
			<Filter>addons\ofxBox2d\src</Filter>
		</ClInclude>
		<ClInclude Include="..\..\..\addons\ofxBox2d\src\ofxBox2dContactListener.h">
			<Filter>addons\ofxBox2d\src</Filter>
		</ClInclude>
		<ClInclude Include="..\..\..\addons\ofxBox2d\src\ofxBox2dConvexPoly.h">
			<Filter>addons\ofxBox2d\src</Filter>
		</ClInclude>
		<ClInclude Include="..\..\..\addons\ofxBox2d\src\ofxBox2dEdge.h">
			<Filter>addons\ofxBox2d\src</Filter>
		</ClInclude>
		<ClInclude Include="..\..\..\addons\ofxBox2d\src\ofxBox2dJoint.h">
			<Filter>addons\ofxBox2d\src</Filter>
		</ClInclude>
		<ClInclude Include="..\..\..\addons\ofxBox2d\src\ofxBox2dPolygon.h">
			<Filter>addons\ofxBox2d\src</Filter>
		</ClInclude>
		<ClInclude Include="..\..\..\addons\ofxBox2d\src\ofxBox2dPolygonUtils.h">
			<Filter>addons\ofxBox2d\src</Filter>
		</ClInclude>
		<ClInclude Include="..\..\..\addons\ofxBox2d\src\ofxBox2dRect.h">
			<Filter>addons\ofxBox2d\src</Filter>
		</ClInclude>
		<ClInclude Include="..\..\..\addons\ofxBox2d\src\ofxBox2dRender.h">
			<Filter>addons\ofxBox2d\src</Filter>
		</ClInclude>
		<ClInclude Include="..\..\..\addons\ofxBox2d\src\ofxBox2dUtils.h">
			<Filter>addons\ofxBox2d\src</Filter>
		</ClInclude>
		<ClInclude Include="..\..\..\addons\ofxBox2d\libs\Box2D\src\Box2D\Box2D.h">
			<Filter>addons\ofxBox2d\libs\Box2D\src\Box2D</Filter>
		</ClInclude>
		<ClInclude Include="..\..\..\addons\ofxBox2d\libs\Box2D\src\Box2D\Collision\b2BroadPhase.h">
			<Filter>addons\ofxBox2d\libs\Box2D\src\Box2D\Collision</Filter>
		</ClInclude>
		<ClInclude Include="..\..\..\addons\ofxBox2d\libs\Box2D\src\Box2D\Collision\b2Collision.h">
			<Filter>addons\ofxBox2d\libs\Box2D\src\Box2D\Collision</Filter>
		</ClInclude>
		<ClInclude Include="..\..\..\addons\ofxBox2d\libs\Box2D\src\Box2D\Collision\b2Distance.h">
			<Filter>addons\ofxBox2d\libs\Box2D\src\Box2D\Collision</Filter>
		</ClInclude>
		<ClInclude Include="..\..\..\addons\ofxBox2d\libs\Box2D\src\Box2D\Collision\b2DynamicTree.h">
			<Filter>addons\ofxBox2d\libs\Box2D\src\Box2D\Collision</Filter>
		</ClInclude>
		<ClInclude Include="..\..\..\addons\ofxBox2d\libs\Box2D\src\Box2D\Collision\b2TimeOfImpact.h">
			<Filter>addons\ofxBox2d\libs\Box2D\src\Box2D\Collision</Filter>
		</ClInclude>
		<ClInclude Include="..\..\..\addons\ofxBox2d\libs\Box2D\src\Box2D\Collision\Shapes\b2ChainShape.h">
			<Filter>addons\ofxBox2d\libs\Box2D\src\Box2D\Collision\Shapes</Filter>
		</ClInclude>
		<ClInclude Include="..\..\..\addons\ofxBox2d\libs\Box2D\src\Box2D\Collision\Shapes\b2CircleShape.h">
			<Filter>addons\ofxBox2d\libs\Box2D\src\Box2D\Collision\Shapes</Filter>
		</ClInclude>
		<ClInclude Include="..\..\..\addons\ofxBox2d\libs\Box2D\src\Box2D\Collision\Shapes\b2EdgeShape.h">
			<Filter>addons\ofxBox2d\libs\Box2D\src\Box2D\Collision\Shapes</Filter>
		</ClInclude>
		<ClInclude Include="..\..\..\addons\ofxBox2d\libs\Box2D\src\Box2D\Collision\Shapes\b2PolygonShape.h">
			<Filter>addons\ofxBox2d\libs\Box2D\src\Box2D\Collision\Shapes</Filter>
		</ClInclude>
		<ClInclude Include="..\..\..\addons\ofxBox2d\libs\Box2D\src\Box2D\Collision\Shapes\b2Shape.h">
			<Filter>addons\ofxBox2d\libs\Box2D\src\Box2D\Collision\Shapes</Filter>
		</ClInclude>
		<ClInclude Include="..\..\..\addons\ofxBox2d\libs\Box2D\src\Box2D\Common\b2BlockAllocator.h">
			<Filter>addons\ofxBox2d\libs\Box2D\src\Box2D\Common</Filter>
		</ClInclude>
		<ClInclude Include="..\..\..\addons\ofxBox2d\libs\Box2D\src\Box2D\Common\b2Draw.h">
			<Filter>addons\ofxBox2d\libs\Box2D\src\Box2D\Common</Filter>
		</ClInclude>
		<ClInclude Include="..\..\..\addons\ofxBox2d\libs\Box2D\src\Box2D\Common\b2GrowableStack.h">
			<Filter>addons\ofxBox2d\libs\Box2D\src\Box2D\Common</Filter>
		</ClInclude>
		<ClInclude Include="..\..\..\addons\ofxBox2d\libs\Box2D\src\Box2D\Common\b2Math.h">
			<Filter>addons\ofxBox2d\libs\Box2D\src\Box2D\Common</Filter>
		</ClInclude>
		<ClInclude Include="..\..\..\addons\ofxBox2d\libs\Box2D\src\Box2D\Common\b2Settings.h">
			<Filter>addons\ofxBox2d\libs\Box2D\src\Box2D\Common</Filter>
		</ClInclude>
		<ClInclude Include="..\..\..\addons\ofxBox2d\libs\Box2D\src\Box2D\Common\b2StackAllocator.h">
			<Filter>addons\ofxBox2d\libs\Box2D\src\Box2D\Common</Filter>
		</ClInclude>
		<ClInclude Include="..\..\..\addons\ofxBox2d\libs\Box2D\src\Box2D\Common\b2Timer.h">
			<Filter>addons\ofxBox2d\libs\Box2D\src\Box2D\Common</Filter>
		</ClInclude>
		<ClInclude Include="..\..\..\addons\ofxBox2d\libs\Box2D\src\Box2D\Dynamics\b2Body.h">
			<Filter>addons\ofxBox2d\libs\Box2D\src\Box2D\Dynamics</Filter>
		</ClInclude>
		<ClInclude Include="..\..\..\addons\ofxBox2d\libs\Box2D\src\Box2D\Dynamics\b2ContactManager.h">
			<Filter>addons\ofxBox2d\libs\Box2D\src\Box2D\Dynamics</Filter>
		</ClInclude>
		<ClInclude Include="..\..\..\addons\ofxBox2d\libs\Box2D\src\Box2D\Dynamics\b2Fixture.h">
			<Filter>addons\ofxBox2d\libs\Box2D\src\Box2D\Dynamics</Filter>
		</ClInclude>
		<ClInclude Include="..\..\..\addons\ofxBox2d\libs\Box2D\src\Box2D\Dynamics\b2Island.h">
			<Filter>addons\ofxBox2d\libs\Box2D\src\Box2D\Dynamics</Filter>
		</ClInclude>
		<ClInclude Include="..\..\..\addons\ofxBox2d\libs\Box2D\src\Box2D\Dynamics\b2TimeStep.h">
			<Filter>addons\ofxBox2d\libs\Box2D\src\Box2D\Dynamics</Filter>
		</ClInclude>
		<ClInclude Include="..\..\..\addons\ofxBox2d\libs\Box2D\src\Box2D\Dynamics\b2World.h">
			<Filter>addons\ofxBox2d\libs\Box2D\src\Box2D\Dynamics</Filter>
		</ClInclude>
		<ClInclude Include="..\..\..\addons\ofxBox2d\libs\Box2D\src\Box2D\Dynamics\b2WorldCallbacks.h">
			<Filter>addons\ofxBox2d\libs\Box2D\src\Box2D\Dynamics</Filter>
		</ClInclude>
		<ClInclude Include="..\..\..\addons\ofxBox2d\libs\Box2D\src\Box2D\Dynamics\Contacts\b2ChainAndCircleContact.h">
			<Filter>addons\ofxBox2d\libs\Box2D\src\Box2D\Dynamics\Contacts</Filter>
		</ClInclude>
		<ClInclude Include="..\..\..\addons\ofxBox2d\libs\Box2D\src\Box2D\Dynamics\Contacts\b2ChainAndPolygonContact.h">
			<Filter>addons\ofxBox2d\libs\Box2D\src\Box2D\Dynamics\Contacts</Filter>
		</ClInclude>
		<ClInclude Include="..\..\..\addons\ofxBox2d\libs\Box2D\src\Box2D\Dynamics\Contacts\b2CircleContact.h">
			<Filter>addons\ofxBox2d\libs\Box2D\src\Box2D\Dynamics\Contacts</Filter>
		</ClInclude>
		<ClInclude Include="..\..\..\addons\ofxBox2d\libs\Box2D\src\Box2D\Dynamics\Contacts\b2Contact.h">
			<Filter>addons\ofxBox2d\libs\Box2D\src\Box2D\Dynamics\Contacts</Filter>
		</ClInclude>
		<ClInclude Include="..\..\..\addons\ofxBox2d\libs\Box2D\src\Box2D\Dynamics\Contacts\b2ContactSolver.h">
			<Filter>addons\ofxBox2d\libs\Box2D\src\Box2D\Dynamics\Contacts</Filter>
		</ClInclude>
		<ClInclude Include="..\..\..\addons\ofxBox2d\libs\Box2D\src\Box2D\Dynamics\Contacts\b2EdgeAndCircleContact.h">
			<Filter>addons\ofxBox2d\libs\Box2D\src\Box2D\Dynamics\Contacts</Filter>
		</ClInclude>
		<ClInclude Include="..\..\..\addons\ofxBox2d\libs\Box2D\src\Box2D\Dynamics\Contacts\b2EdgeAndPolygonContact.h">
			<Filter>addons\ofxBox2d\libs\Box2D\src\Box2D\Dynamics\Contacts</Filter>
		</ClInclude>
		<ClInclude Include="..\..\..\addons\ofxBox2d\libs\Box2D\src\Box2D\Dynamics\Contacts\b2PolygonAndCircleContact.h">
			<Filter>addons\ofxBox2d\libs\Box2D\src\Box2D\Dynamics\Contacts</Filter>
		</ClInclude>
		<ClInclude Include="..\..\..\addons\ofxBox2d\libs\Box2D\src\Box2D\Dynamics\Contacts\b2PolygonContact.h">
			<Filter>addons\ofxBox2d\libs\Box2D\src\Box2D\Dynamics\Contacts</Filter>
		</ClInclude>
		<ClInclude Include="..\..\..\addons\ofxBox2d\libs\Box2D\src\Box2D\Dynamics\Joints\b2DistanceJoint.h">
			<Filter>addons\ofxBox2d\libs\Box2D\src\Box2D\Dynamics\Joints</Filter>
		</ClInclude>
		<ClInclude Include="..\..\..\addons\ofxBox2d\libs\Box2D\src\Box2D\Dynamics\Joints\b2FrictionJoint.h">
			<Filter>addons\ofxBox2d\libs\Box2D\src\Box2D\Dynamics\Joints</Filter>
		</ClInclude>
		<ClInclude Include="..\..\..\addons\ofxBox2d\libs\Box2D\src\Box2D\Dynamics\Joints\b2GearJoint.h">
			<Filter>addons\ofxBox2d\libs\Box2D\src\Box2D\Dynamics\Joints</Filter>
		</ClInclude>
		<ClInclude Include="..\..\..\addons\ofxBox2d\libs\Box2D\src\Box2D\Dynamics\Joints\b2Joint.h">
			<Filter>addons\ofxBox2d\libs\Box2D\src\Box2D\Dynamics\Joints</Filter>
		</ClInclude>
		<ClInclude Include="..\..\..\addons\ofxBox2d\libs\Box2D\src\Box2D\Dynamics\Joints\b2MotorJoint.h">
			<Filter>addons\ofxBox2d\libs\Box2D\src\Box2D\Dynamics\Joints</Filter>
		</ClInclude>
		<ClInclude Include="..\..\..\addons\ofxBox2d\libs\Box2D\src\Box2D\Dynamics\Joints\b2MouseJoint.h">
			<Filter>addons\ofxBox2d\libs\Box2D\src\Box2D\Dynamics\Joints</Filter>
		</ClInclude>
		<ClInclude Include="..\..\..\addons\ofxBox2d\libs\Box2D\src\Box2D\Dynamics\Joints\b2PrismaticJoint.h">
			<Filter>addons\ofxBox2d\libs\Box2D\src\Box2D\Dynamics\Joints</Filter>
		</ClInclude>
		<ClInclude Include="..\..\..\addons\ofxBox2d\libs\Box2D\src\Box2D\Dynamics\Joints\b2PulleyJoint.h">
			<Filter>addons\ofxBox2d\libs\Box2D\src\Box2D\Dynamics\Joints</Filter>
		</ClInclude>
		<ClInclude Include="..\..\..\addons\ofxBox2d\libs\Box2D\src\Box2D\Dynamics\Joints\b2RevoluteJoint.h">
			<Filter>addons\ofxBox2d\libs\Box2D\src\Box2D\Dynamics\Joints</Filter>
		</ClInclude>
		<ClInclude Include="..\..\..\addons\ofxBox2d\libs\Box2D\src\Box2D\Dynamics\Joints\b2RopeJoint.h">
			<Filter>addons\ofxBox2d\libs\Box2D\src\Box2D\Dynamics\Joints</Filter>
		</ClInclude>
		<ClInclude Include="..\..\..\addons\ofxBox2d\libs\Box2D\src\Box2D\Dynamics\Joints\b2WeldJoint.h">
			<Filter>addons\ofxBox2d\libs\Box2D\src\Box2D\Dynamics\Joints</Filter>
		</ClInclude>
		<ClInclude Include="..\..\..\addons\ofxBox2d\libs\Box2D\src\Box2D\Dynamics\Joints\b2WheelJoint.h">
			<Filter>addons\ofxBox2d\libs\Box2D\src\Box2D\Dynamics\Joints</Filter>
		</ClInclude>
		<ClInclude Include="..\..\..\addons\ofxBox2d\libs\Box2D\src\Box2D\Rope\b2Rope.h">
			<Filter>addons\ofxBox2d\libs\Box2D\src\Box2D\Rope</Filter>
		</ClInclude>
		<ClInclude Include="..\..\..\addons\ofxBox2d\libs\ConvexDecomposition\src\ConvexDecomposition\b2Polygon.h">
			<Filter>addons\ofxBox2d\libs\ConvexDecomposition\src\ConvexDecomposition</Filter>
		</ClInclude>
		<ClInclude Include="..\..\..\addons\ofxBox2d\libs\ConvexDecomposition\src\ConvexDecomposition\b2Triangle.h">
			<Filter>addons\ofxBox2d\libs\ConvexDecomposition\src\ConvexDecomposition</Filter>
		</ClInclude>
		<ClInclude Include="..\..\..\addons\ofxBox2d\libs\triangle\src\triangle\assert.hpp">
			<Filter>addons\ofxBox2d\libs\triangle\src\triangle</Filter>
		</ClInclude>
		<ClInclude Include="..\..\..\addons\ofxBox2d\libs\triangle\src\triangle\del_interface.hpp">
			<Filter>addons\ofxBox2d\libs\triangle\src\triangle</Filter>
		</ClInclude>
		<ClInclude Include="..\..\..\addons\ofxBox2d\libs\triangle\src\triangle\dpoint.hpp">
			<Filter>addons\ofxBox2d\libs\triangle\src\triangle</Filter>
		</ClInclude>
		<ClInclude Include="..\..\..\addons\ofxBox2d\libs\triangle\src\triangle\triangle.h">
			<Filter>addons\ofxBox2d\libs\triangle\src\triangle</Filter>
		</ClInclude>
		<ClInclude Include="..\..\..\addons\ofxBox2d\libs\triangle\src\triangle\triangle_impl.hpp">
			<Filter>addons\ofxBox2d\libs\triangle\src\triangle</Filter>
		</ClInclude>
		<ClInclude Include="..\..\..\addons\ofxGrt\src\ofxGrt.h">
			<Filter>addons\ofxGrt\src</Filter>
		</ClInclude>
		<ClInclude Include="..\..\..\addons\ofxGrt\src\ofxGrtBarPlot.h">
			<Filter>addons\ofxGrt\src</Filter>
		</ClInclude>
		<ClInclude Include="..\..\..\addons\ofxGrt\src\ofxGrtMatrixPlot.h">
			<Filter>addons\ofxGrt\src</Filter>
		</ClInclude>
		<ClInclude Include="..\..\..\addons\ofxGrt\src\ofxGrtSettings.h">
			<Filter>addons\ofxGrt\src</Filter>
		</ClInclude>
		<ClInclude Include="..\..\..\addons\ofxGrt\src\ofxGrtTimeseriesPlot.h">
			<Filter>addons\ofxGrt\src</Filter>
		</ClInclude>
		<ClInclude Include="..\..\..\addons\ofxGrt\libs\grt\GRT\ClassificationModules\AdaBoost\AdaBoost.h">
			<Filter>addons\ofxGrt\libs\grt\GRT\ClassificationModules\AdaBoost</Filter>
		</ClInclude>
		<ClInclude Include="..\..\..\addons\ofxGrt\libs\grt\GRT\ClassificationModules\AdaBoost\AdaBoostClassModel.h">
			<Filter>addons\ofxGrt\libs\grt\GRT\ClassificationModules\AdaBoost</Filter>
		</ClInclude>
		<ClInclude Include="..\..\..\addons\ofxGrt\libs\grt\GRT\ClassificationModules\AdaBoost\WeakClassifiers\DecisionStump.h">
			<Filter>addons\ofxGrt\libs\grt\GRT\ClassificationModules\AdaBoost\WeakClassifiers</Filter>
		</ClInclude>
		<ClInclude Include="..\..\..\addons\ofxGrt\libs\grt\GRT\ClassificationModules\AdaBoost\WeakClassifiers\RadialBasisFunction.h">
			<Filter>addons\ofxGrt\libs\grt\GRT\ClassificationModules\AdaBoost\WeakClassifiers</Filter>
		</ClInclude>
		<ClInclude Include="..\..\..\addons\ofxGrt\libs\grt\GRT\ClassificationModules\AdaBoost\WeakClassifiers\WeakClassifier.h">
			<Filter>addons\ofxGrt\libs\grt\GRT\ClassificationModules\AdaBoost\WeakClassifiers</Filter>
		</ClInclude>
		<ClInclude Include="..\..\..\addons\ofxGrt\libs\grt\GRT\ClassificationModules\ANBC\ANBC.h">
			<Filter>addons\ofxGrt\libs\grt\GRT\ClassificationModules\ANBC</Filter>
		</ClInclude>
		<ClInclude Include="..\..\..\addons\ofxGrt\libs\grt\GRT\ClassificationModules\ANBC\ANBC_Model.h">
			<Filter>addons\ofxGrt\libs\grt\GRT\ClassificationModules\ANBC</Filter>
		</ClInclude>
		<ClInclude Include="..\..\..\addons\ofxGrt\libs\grt\GRT\ClassificationModules\BAG\BAG.h">
			<Filter>addons\ofxGrt\libs\grt\GRT\ClassificationModules\BAG</Filter>
		</ClInclude>
		<ClInclude Include="..\..\..\addons\ofxGrt\libs\grt\GRT\ClassificationModules\DecisionTree\DecisionTree.h">
			<Filter>addons\ofxGrt\libs\grt\GRT\ClassificationModules\DecisionTree</Filter>
		</ClInclude>
		<ClInclude Include="..\..\..\addons\ofxGrt\libs\grt\GRT\ClassificationModules\DecisionTree\DecisionTreeClusterNode.h">
			<Filter>addons\ofxGrt\libs\grt\GRT\ClassificationModules\DecisionTree</Filter>
		</ClInclude>
		<ClInclude Include="..\..\..\addons\ofxGrt\libs\grt\GRT\ClassificationModules\DecisionTree\DecisionTreeNode.h">
			<Filter>addons\ofxGrt\libs\grt\GRT\ClassificationModules\DecisionTree</Filter>
		</ClInclude>
		<ClInclude Include="..\..\..\addons\ofxGrt\libs\grt\GRT\ClassificationModules\DecisionTree\DecisionTreeThresholdNode.h">
			<Filter>addons\ofxGrt\libs\grt\GRT\ClassificationModules\DecisionTree</Filter>
		</ClInclude>
		<ClInclude Include="..\..\..\addons\ofxGrt\libs\grt\GRT\ClassificationModules\DecisionTree\DecisionTreeTripleFeatureNode.h">
			<Filter>addons\ofxGrt\libs\grt\GRT\ClassificationModules\DecisionTree</Filter>
		</ClInclude>
		<ClInclude Include="..\..\..\addons\ofxGrt\libs\grt\GRT\ClassificationModules\DTW\DTW.h">
			<Filter>addons\ofxGrt\libs\grt\GRT\ClassificationModules\DTW</Filter>
		</ClInclude>
		<ClInclude Include="..\..\..\addons\ofxGrt\libs\grt\GRT\ClassificationModules\FiniteStateMachine\FiniteStateMachine.h">
			<Filter>addons\ofxGrt\libs\grt\GRT\ClassificationModules\FiniteStateMachine</Filter>
		</ClInclude>
		<ClInclude Include="..\..\..\addons\ofxGrt\libs\grt\GRT\ClassificationModules\FiniteStateMachine\FSMParticle.h">
			<Filter>addons\ofxGrt\libs\grt\GRT\ClassificationModules\FiniteStateMachine</Filter>
		</ClInclude>
		<ClInclude Include="..\..\..\addons\ofxGrt\libs\grt\GRT\ClassificationModules\FiniteStateMachine\FSMParticleFilter.h">
			<Filter>addons\ofxGrt\libs\grt\GRT\ClassificationModules\FiniteStateMachine</Filter>
		</ClInclude>
		<ClInclude Include="..\..\..\addons\ofxGrt\libs\grt\GRT\ClassificationModules\GMM\GMM.h">
			<Filter>addons\ofxGrt\libs\grt\GRT\ClassificationModules\GMM</Filter>
		</ClInclude>
		<ClInclude Include="..\..\..\addons\ofxGrt\libs\grt\GRT\ClassificationModules\GMM\MixtureModel.h">
			<Filter>addons\ofxGrt\libs\grt\GRT\ClassificationModules\GMM</Filter>
		</ClInclude>
		<ClInclude Include="..\..\..\addons\ofxGrt\libs\grt\GRT\ClassificationModules\HMM\ContinuousHiddenMarkovModel.h">
			<Filter>addons\ofxGrt\libs\grt\GRT\ClassificationModules\HMM</Filter>
		</ClInclude>
		<ClInclude Include="..\..\..\addons\ofxGrt\libs\grt\GRT\ClassificationModules\HMM\DiscreteHiddenMarkovModel.h">
			<Filter>addons\ofxGrt\libs\grt\GRT\ClassificationModules\HMM</Filter>
		</ClInclude>
		<ClInclude Include="..\..\..\addons\ofxGrt\libs\grt\GRT\ClassificationModules\HMM\HMM.h">
			<Filter>addons\ofxGrt\libs\grt\GRT\ClassificationModules\HMM</Filter>
		</ClInclude>
		<ClInclude Include="..\..\..\addons\ofxGrt\libs\grt\GRT\ClassificationModules\HMM\HMMEnums.h">
			<Filter>addons\ofxGrt\libs\grt\GRT\ClassificationModules\HMM</Filter>
		</ClInclude>
		<ClInclude Include="..\..\..\addons\ofxGrt\libs\grt\GRT\ClassificationModules\KNN\KNN.h">
			<Filter>addons\ofxGrt\libs\grt\GRT\ClassificationModules\KNN</Filter>
		</ClInclude>
		<ClInclude Include="..\..\..\addons\ofxGrt\libs\grt\GRT\ClassificationModules\MinDist\MinDist.h">
			<Filter>addons\ofxGrt\libs\grt\GRT\ClassificationModules\MinDist</Filter>
		</ClInclude>
		<ClInclude Include="..\..\..\addons\ofxGrt\libs\grt\GRT\ClassificationModules\MinDist\MinDistModel.h">
			<Filter>addons\ofxGrt\libs\grt\GRT\ClassificationModules\MinDist</Filter>
		</ClInclude>
		<ClInclude Include="..\..\..\addons\ofxGrt\libs\grt\GRT\ClassificationModules\ParticleClassifier\ParticleClassifier.h">
			<Filter>addons\ofxGrt\libs\grt\GRT\ClassificationModules\ParticleClassifier</Filter>
		</ClInclude>
		<ClInclude Include="..\..\..\addons\ofxGrt\libs\grt\GRT\ClassificationModules\ParticleClassifier\ParticleClassifierParticleFilter.h">
			<Filter>addons\ofxGrt\libs\grt\GRT\ClassificationModules\ParticleClassifier</Filter>
		</ClInclude>
		<ClInclude Include="..\..\..\addons\ofxGrt\libs\grt\GRT\ClassificationModules\RandomForests\RandomForests.h">
			<Filter>addons\ofxGrt\libs\grt\GRT\ClassificationModules\RandomForests</Filter>
		</ClInclude>
		<ClInclude Include="..\..\..\addons\ofxGrt\libs\grt\GRT\ClassificationModules\Softmax\Softmax.h">
			<Filter>addons\ofxGrt\libs\grt\GRT\ClassificationModules\Softmax</Filter>
		</ClInclude>
		<ClInclude Include="..\..\..\addons\ofxGrt\libs\grt\GRT\ClassificationModules\Softmax\SoftmaxModel.h">
			<Filter>addons\ofxGrt\libs\grt\GRT\ClassificationModules\Softmax</Filter>
		</ClInclude>
		<ClInclude Include="..\..\..\addons\ofxGrt\libs\grt\GRT\ClassificationModules\SVM\LIBSVM\libsvm.h">
			<Filter>addons\ofxGrt\libs\grt\GRT\ClassificationModules\SVM\LIBSVM</Filter>
		</ClInclude>
		<ClInclude Include="..\..\..\addons\ofxGrt\libs\grt\GRT\ClassificationModules\SVM\SVM.h">
			<Filter>addons\ofxGrt\libs\grt\GRT\ClassificationModules\SVM</Filter>
		</ClInclude>
		<ClInclude Include="..\..\..\addons\ofxGrt\libs\grt\GRT\ClassificationModules\SwipeDetector\SwipeDetector.h">
			<Filter>addons\ofxGrt\libs\grt\GRT\ClassificationModules\SwipeDetector</Filter>
		</ClInclude>
		<ClInclude Include="..\..\..\addons\ofxGrt\libs\grt\GRT\ClusteringModules\ClusterTree\ClusterTree.h">
			<Filter>addons\ofxGrt\libs\grt\GRT\ClusteringModules\ClusterTree</Filter>
		</ClInclude>
		<ClInclude Include="..\..\..\addons\ofxGrt\libs\grt\GRT\ClusteringModules\ClusterTree\ClusterTreeNode.h">
			<Filter>addons\ofxGrt\libs\grt\GRT\ClusteringModules\ClusterTree</Filter>
		</ClInclude>
		<ClInclude Include="..\..\..\addons\ofxGrt\libs\grt\GRT\ClusteringModules\GaussianMixtureModels\GaussianMixtureModels.h">
			<Filter>addons\ofxGrt\libs\grt\GRT\ClusteringModules\GaussianMixtureModels</Filter>
		</ClInclude>
		<ClInclude Include="..\..\..\addons\ofxGrt\libs\grt\GRT\ClusteringModules\HierarchicalClustering\HierarchicalClustering.h">
			<Filter>addons\ofxGrt\libs\grt\GRT\ClusteringModules\HierarchicalClustering</Filter>
		</ClInclude>
		<ClInclude Include="..\..\..\addons\ofxGrt\libs\grt\GRT\ClusteringModules\KMeans\KMeans.h">
			<Filter>addons\ofxGrt\libs\grt\GRT\ClusteringModules\KMeans</Filter>
		</ClInclude>
		<ClInclude Include="..\..\..\addons\ofxGrt\libs\grt\GRT\ClusteringModules\SelfOrganizingMap\SelfOrganizingMap.h">
			<Filter>addons\ofxGrt\libs\grt\GRT\ClusteringModules\SelfOrganizingMap</Filter>
		</ClInclude>
		<ClInclude Include="..\..\..\addons\ofxGrt\libs\grt\GRT\ContextModules\Gate.h">
			<Filter>addons\ofxGrt\libs\grt\GRT\ContextModules</Filter>
		</ClInclude>
		<ClInclude Include="..\..\..\addons\ofxGrt\libs\grt\GRT\CoreAlgorithms\BernoulliRBM\BernoulliRBM.h">
			<Filter>addons\ofxGrt\libs\grt\GRT\CoreAlgorithms\BernoulliRBM</Filter>
		</ClInclude>
		<ClInclude Include="..\..\..\addons\ofxGrt\libs\grt\GRT\CoreAlgorithms\EvolutionaryAlgorithm\EvolutionaryAlgorithm.h">
			<Filter>addons\ofxGrt\libs\grt\GRT\CoreAlgorithms\EvolutionaryAlgorithm</Filter>
		</ClInclude>
		<ClInclude Include="..\..\..\addons\ofxGrt\libs\grt\GRT\CoreAlgorithms\EvolutionaryAlgorithm\Individual.h">
			<Filter>addons\ofxGrt\libs\grt\GRT\CoreAlgorithms\EvolutionaryAlgorithm</Filter>
		</ClInclude>
		<ClInclude Include="..\..\..\addons\ofxGrt\libs\grt\GRT\CoreAlgorithms\GridSearch\GridSearch.h">
			<Filter>addons\ofxGrt\libs\grt\GRT\CoreAlgorithms\GridSearch</Filter>
		</ClInclude>
		<ClInclude Include="..\..\..\addons\ofxGrt\libs\grt\GRT\CoreAlgorithms\LeastSquares\LinearLeastSquares.h">
			<Filter>addons\ofxGrt\libs\grt\GRT\CoreAlgorithms\LeastSquares</Filter>
		</ClInclude>
		<ClInclude Include="..\..\..\addons\ofxGrt\libs\grt\GRT\CoreAlgorithms\MeanShift\MeanShift.h">
			<Filter>addons\ofxGrt\libs\grt\GRT\CoreAlgorithms\MeanShift</Filter>
		</ClInclude>
		<ClInclude Include="..\..\..\addons\ofxGrt\libs\grt\GRT\CoreAlgorithms\MovementDetector\MovementDetector.h">
			<Filter>addons\ofxGrt\libs\grt\GRT\CoreAlgorithms\MovementDetector</Filter>
		</ClInclude>
		<ClInclude Include="..\..\..\addons\ofxGrt\libs\grt\GRT\CoreAlgorithms\ParticleFilter\Particle.h">
			<Filter>addons\ofxGrt\libs\grt\GRT\CoreAlgorithms\ParticleFilter</Filter>
		</ClInclude>
		<ClInclude Include="..\..\..\addons\ofxGrt\libs\grt\GRT\CoreAlgorithms\ParticleFilter\ParticleFilter.h">
			<Filter>addons\ofxGrt\libs\grt\GRT\CoreAlgorithms\ParticleFilter</Filter>
		</ClInclude>
		<ClInclude Include="..\..\..\addons\ofxGrt\libs\grt\GRT\CoreAlgorithms\ParticleSwarmOptimization\ParticleSwarmOptimization.h">
			<Filter>addons\ofxGrt\libs\grt\GRT\CoreAlgorithms\ParticleSwarmOptimization</Filter>
		</ClInclude>
		<ClInclude Include="..\..\..\addons\ofxGrt\libs\grt\GRT\CoreAlgorithms\ParticleSwarmOptimization\PSOParticle.h">
			<Filter>addons\ofxGrt\libs\grt\GRT\CoreAlgorithms\ParticleSwarmOptimization</Filter>
		</ClInclude>
		<ClInclude Include="..\..\..\addons\ofxGrt\libs\grt\GRT\CoreAlgorithms\PrincipalComponentAnalysis\PrincipalComponentAnalysis.h">
			<Filter>addons\ofxGrt\libs\grt\GRT\CoreAlgorithms\PrincipalComponentAnalysis</Filter>
		</ClInclude>
		<ClInclude Include="..\..\..\addons\ofxGrt\libs\grt\GRT\CoreAlgorithms\Tree\Node.h">
			<Filter>addons\ofxGrt\libs\grt\GRT\CoreAlgorithms\Tree</Filter>
		</ClInclude>
		<ClInclude Include="..\..\..\addons\ofxGrt\libs\grt\GRT\CoreAlgorithms\Tree\Tree.h">
			<Filter>addons\ofxGrt\libs\grt\GRT\CoreAlgorithms\Tree</Filter>
		</ClInclude>
		<ClInclude Include="..\..\..\addons\ofxGrt\libs\grt\GRT\CoreModules\Classifier.h">
			<Filter>addons\ofxGrt\libs\grt\GRT\CoreModules</Filter>
		</ClInclude>
		<ClInclude Include="..\..\..\addons\ofxGrt\libs\grt\GRT\CoreModules\Clusterer.h">
			<Filter>addons\ofxGrt\libs\grt\GRT\CoreModules</Filter>
		</ClInclude>
		<ClInclude Include="..\..\..\addons\ofxGrt\libs\grt\GRT\CoreModules\Context.h">
			<Filter>addons\ofxGrt\libs\grt\GRT\CoreModules</Filter>
		</ClInclude>
		<ClInclude Include="..\..\..\addons\ofxGrt\libs\grt\GRT\CoreModules\FeatureExtraction.h">
			<Filter>addons\ofxGrt\libs\grt\GRT\CoreModules</Filter>
		</ClInclude>
		<ClInclude Include="..\..\..\addons\ofxGrt\libs\grt\GRT\CoreModules\GestureRecognitionPipeline.h">
			<Filter>addons\ofxGrt\libs\grt\GRT\CoreModules</Filter>
		</ClInclude>
		<ClInclude Include="..\..\..\addons\ofxGrt\libs\grt\GRT\CoreModules\GRTBase.h">
			<Filter>addons\ofxGrt\libs\grt\GRT\CoreModules</Filter>
		</ClInclude>
		<ClInclude Include="..\..\..\addons\ofxGrt\libs\grt\GRT\CoreModules\MLBase.h">
			<Filter>addons\ofxGrt\libs\grt\GRT\CoreModules</Filter>
		</ClInclude>
		<ClInclude Include="..\..\..\addons\ofxGrt\libs\grt\GRT\CoreModules\PostProcessing.h">
			<Filter>addons\ofxGrt\libs\grt\GRT\CoreModules</Filter>
		</ClInclude>
		<ClInclude Include="..\..\..\addons\ofxGrt\libs\grt\GRT\CoreModules\PreProcessing.h">
			<Filter>addons\ofxGrt\libs\grt\GRT\CoreModules</Filter>
		</ClInclude>
		<ClInclude Include="..\..\..\addons\ofxGrt\libs\grt\GRT\CoreModules\Regressifier.h">
			<Filter>addons\ofxGrt\libs\grt\GRT\CoreModules</Filter>
		</ClInclude>
		<ClInclude Include="..\..\..\addons\ofxGrt\libs\grt\GRT\DataStructures\ClassificationData.h">
			<Filter>addons\ofxGrt\libs\grt\GRT\DataStructures</Filter>
		</ClInclude>
		<ClInclude Include="..\..\..\addons\ofxGrt\libs\grt\GRT\DataStructures\ClassificationDataStream.h">
			<Filter>addons\ofxGrt\libs\grt\GRT\DataStructures</Filter>
		</ClInclude>
		<ClInclude Include="..\..\..\addons\ofxGrt\libs\grt\GRT\DataStructures\ClassificationSample.h">
			<Filter>addons\ofxGrt\libs\grt\GRT\DataStructures</Filter>
		</ClInclude>
		<ClInclude Include="..\..\..\addons\ofxGrt\libs\grt\GRT\DataStructures\Matrix.h">
			<Filter>addons\ofxGrt\libs\grt\GRT\DataStructures</Filter>
		</ClInclude>
		<ClInclude Include="..\..\..\addons\ofxGrt\libs\grt\GRT\DataStructures\MatrixFloat.h">
			<Filter>addons\ofxGrt\libs\grt\GRT\DataStructures</Filter>
		</ClInclude>
		<ClInclude Include="..\..\..\addons\ofxGrt\libs\grt\GRT\DataStructures\RegressionData.h">
			<Filter>addons\ofxGrt\libs\grt\GRT\DataStructures</Filter>
		</ClInclude>
		<ClInclude Include="..\..\..\addons\ofxGrt\libs\grt\GRT\DataStructures\RegressionSample.h">
			<Filter>addons\ofxGrt\libs\grt\GRT\DataStructures</Filter>
		</ClInclude>
		<ClInclude Include="..\..\..\addons\ofxGrt\libs\grt\GRT\DataStructures\TimeSeriesClassificationData.h">
			<Filter>addons\ofxGrt\libs\grt\GRT\DataStructures</Filter>
		</ClInclude>
		<ClInclude Include="..\..\..\addons\ofxGrt\libs\grt\GRT\DataStructures\TimeSeriesClassificationSample.h">
			<Filter>addons\ofxGrt\libs\grt\GRT\DataStructures</Filter>
		</ClInclude>
		<ClInclude Include="..\..\..\addons\ofxGrt\libs\grt\GRT\DataStructures\TimeSeriesPositionTracker.h">
			<Filter>addons\ofxGrt\libs\grt\GRT\DataStructures</Filter>
		</ClInclude>
		<ClInclude Include="..\..\..\addons\ofxGrt\libs\grt\GRT\DataStructures\UnlabelledData.h">
			<Filter>addons\ofxGrt\libs\grt\GRT\DataStructures</Filter>
		</ClInclude>
		<ClInclude Include="..\..\..\addons\ofxGrt\libs\grt\GRT\DataStructures\Vector.h">
			<Filter>addons\ofxGrt\libs\grt\GRT\DataStructures</Filter>
		</ClInclude>
		<ClInclude Include="..\..\..\addons\ofxGrt\libs\grt\GRT\DataStructures\VectorFloat.h">
			<Filter>addons\ofxGrt\libs\grt\GRT\DataStructures</Filter>
		</ClInclude>
		<ClInclude Include="..\..\..\addons\ofxGrt\libs\grt\GRT\FeatureExtractionModules\EnvelopeExtractor\EnvelopeExtractor.h">
			<Filter>addons\ofxGrt\libs\grt\GRT\FeatureExtractionModules\EnvelopeExtractor</Filter>
		</ClInclude>
		<ClInclude Include="..\..\..\addons\ofxGrt\libs\grt\GRT\FeatureExtractionModules\FFT\FastFourierTransform.h">
			<Filter>addons\ofxGrt\libs\grt\GRT\FeatureExtractionModules\FFT</Filter>
		</ClInclude>
		<ClInclude Include="..\..\..\addons\ofxGrt\libs\grt\GRT\FeatureExtractionModules\FFT\FFT.h">
			<Filter>addons\ofxGrt\libs\grt\GRT\FeatureExtractionModules\FFT</Filter>
		</ClInclude>
		<ClInclude Include="..\..\..\addons\ofxGrt\libs\grt\GRT\FeatureExtractionModules\FFT\FFTFeatures.h">
			<Filter>addons\ofxGrt\libs\grt\GRT\FeatureExtractionModules\FFT</Filter>
		</ClInclude>
		<ClInclude Include="..\..\..\addons\ofxGrt\libs\grt\GRT\FeatureExtractionModules\KMeansFeatures\KMeansFeatures.h">
			<Filter>addons\ofxGrt\libs\grt\GRT\FeatureExtractionModules\KMeansFeatures</Filter>
		</ClInclude>
		<ClInclude Include="..\..\..\addons\ofxGrt\libs\grt\GRT\FeatureExtractionModules\KMeansQuantizer\KMeansQuantizer.h">
			<Filter>addons\ofxGrt\libs\grt\GRT\FeatureExtractionModules\KMeansQuantizer</Filter>
		</ClInclude>
		<ClInclude Include="..\..\..\addons\ofxGrt\libs\grt\GRT\FeatureExtractionModules\MovementIndex\MovementIndex.h">
			<Filter>addons\ofxGrt\libs\grt\GRT\FeatureExtractionModules\MovementIndex</Filter>
		</ClInclude>
		<ClInclude Include="..\..\..\addons\ofxGrt\libs\grt\GRT\FeatureExtractionModules\MovementTrajectoryFeatures\MovementTrajectoryFeatures.h">
			<Filter>addons\ofxGrt\libs\grt\GRT\FeatureExtractionModules\MovementTrajectoryFeatures</Filter>
		</ClInclude>
		<ClInclude Include="..\..\..\addons\ofxGrt\libs\grt\GRT\FeatureExtractionModules\RBMQuantizer\RBMQuantizer.h">
			<Filter>addons\ofxGrt\libs\grt\GRT\FeatureExtractionModules\RBMQuantizer</Filter>
		</ClInclude>
		<ClInclude Include="..\..\..\addons\ofxGrt\libs\grt\GRT\FeatureExtractionModules\SOMQuantizer\SOMQuantizer.h">
			<Filter>addons\ofxGrt\libs\grt\GRT\FeatureExtractionModules\SOMQuantizer</Filter>
		</ClInclude>
		<ClInclude Include="..\..\..\addons\ofxGrt\libs\grt\GRT\FeatureExtractionModules\TimeDomainFeatures\TimeDomainFeatures.h">
			<Filter>addons\ofxGrt\libs\grt\GRT\FeatureExtractionModules\TimeDomainFeatures</Filter>
		</ClInclude>
		<ClInclude Include="..\..\..\addons\ofxGrt\libs\grt\GRT\FeatureExtractionModules\TimeseriesBuffer\TimeseriesBuffer.h">
			<Filter>addons\ofxGrt\libs\grt\GRT\FeatureExtractionModules\TimeseriesBuffer</Filter>
		</ClInclude>
		<ClInclude Include="..\..\..\addons\ofxGrt\libs\grt\GRT\FeatureExtractionModules\ZeroCrossingCounter\ZeroCrossingCounter.h">
			<Filter>addons\ofxGrt\libs\grt\GRT\FeatureExtractionModules\ZeroCrossingCounter</Filter>
		</ClInclude>
		<ClInclude Include="..\..\..\addons\ofxGrt\libs\grt\GRT\GRT.h">
			<Filter>addons\ofxGrt\libs\grt\GRT</Filter>
		</ClInclude>
		<ClInclude Include="..\..\..\addons\ofxGrt\libs\grt\GRT\PostProcessingModules\ClassLabelChangeFilter.h">
			<Filter>addons\ofxGrt\libs\grt\GRT\PostProcessingModules</Filter>
		</ClInclude>
		<ClInclude Include="..\..\..\addons\ofxGrt\libs\grt\GRT\PostProcessingModules\ClassLabelFilter.h">
			<Filter>addons\ofxGrt\libs\grt\GRT\PostProcessingModules</Filter>
		</ClInclude>
		<ClInclude Include="..\..\..\addons\ofxGrt\libs\grt\GRT\PostProcessingModules\ClassLabelTimeoutFilter.h">
			<Filter>addons\ofxGrt\libs\grt\GRT\PostProcessingModules</Filter>
		</ClInclude>
		<ClInclude Include="..\..\..\addons\ofxGrt\libs\grt\GRT\PreProcessingModules\DeadZone.h">
			<Filter>addons\ofxGrt\libs\grt\GRT\PreProcessingModules</Filter>
		</ClInclude>
		<ClInclude Include="..\..\..\addons\ofxGrt\libs\grt\GRT\PreProcessingModules\Derivative.h">
			<Filter>addons\ofxGrt\libs\grt\GRT\PreProcessingModules</Filter>
		</ClInclude>
		<ClInclude Include="..\..\..\addons\ofxGrt\libs\grt\GRT\PreProcessingModules\DoubleMovingAverageFilter.h">
			<Filter>addons\ofxGrt\libs\grt\GRT\PreProcessingModules</Filter>
		</ClInclude>
		<ClInclude Include="..\..\..\addons\ofxGrt\libs\grt\GRT\PreProcessingModules\FIRFilter.h">
			<Filter>addons\ofxGrt\libs\grt\GRT\PreProcessingModules</Filter>
		</ClInclude>
		<ClInclude Include="..\..\..\addons\ofxGrt\libs\grt\GRT\PreProcessingModules\HighPassFilter.h">
			<Filter>addons\ofxGrt\libs\grt\GRT\PreProcessingModules</Filter>
		</ClInclude>
		<ClInclude Include="..\..\..\addons\ofxGrt\libs\grt\GRT\PreProcessingModules\LeakyIntegrator.h">
			<Filter>addons\ofxGrt\libs\grt\GRT\PreProcessingModules</Filter>
		</ClInclude>
		<ClInclude Include="..\..\..\addons\ofxGrt\libs\grt\GRT\PreProcessingModules\LowPassFilter.h">
			<Filter>addons\ofxGrt\libs\grt\GRT\PreProcessingModules</Filter>
		</ClInclude>
		<ClInclude Include="..\..\..\addons\ofxGrt\libs\grt\GRT\PreProcessingModules\MedianFilter.h">
			<Filter>addons\ofxGrt\libs\grt\GRT\PreProcessingModules</Filter>
		</ClInclude>
		<ClInclude Include="..\..\..\addons\ofxGrt\libs\grt\GRT\PreProcessingModules\MovingAverageFilter.h">
			<Filter>addons\ofxGrt\libs\grt\GRT\PreProcessingModules</Filter>
		</ClInclude>
		<ClInclude Include="..\..\..\addons\ofxGrt\libs\grt\GRT\PreProcessingModules\RMSFilter.h">
			<Filter>addons\ofxGrt\libs\grt\GRT\PreProcessingModules</Filter>
		</ClInclude>
		<ClInclude Include="..\..\..\addons\ofxGrt\libs\grt\GRT\PreProcessingModules\SavitzkyGolayFilter.h">
			<Filter>addons\ofxGrt\libs\grt\GRT\PreProcessingModules</Filter>
		</ClInclude>
		<ClInclude Include="..\..\..\addons\ofxGrt\libs\grt\GRT\PreProcessingModules\WeightedAverageFilter.h">
			<Filter>addons\ofxGrt\libs\grt\GRT\PreProcessingModules</Filter>
		</ClInclude>
		<ClInclude Include="..\..\..\addons\ofxGrt\libs\grt\GRT\RegressionModules\ArtificialNeuralNetworks\MLP\MLP.h">
			<Filter>addons\ofxGrt\libs\grt\GRT\RegressionModules\ArtificialNeuralNetworks\MLP</Filter>
		</ClInclude>
		<ClInclude Include="..\..\..\addons\ofxGrt\libs\grt\GRT\RegressionModules\ArtificialNeuralNetworks\MLP\Neuron.h">
			<Filter>addons\ofxGrt\libs\grt\GRT\RegressionModules\ArtificialNeuralNetworks\MLP</Filter>
		</ClInclude>
		<ClInclude Include="..\..\..\addons\ofxGrt\libs\grt\GRT\RegressionModules\LinearRegression\LinearRegression.h">
			<Filter>addons\ofxGrt\libs\grt\GRT\RegressionModules\LinearRegression</Filter>
		</ClInclude>
		<ClInclude Include="..\..\..\addons\ofxGrt\libs\grt\GRT\RegressionModules\LogisticRegression\LogisticRegression.h">
			<Filter>addons\ofxGrt\libs\grt\GRT\RegressionModules\LogisticRegression</Filter>
		</ClInclude>
		<ClInclude Include="..\..\..\addons\ofxGrt\libs\grt\GRT\RegressionModules\MultidimensionalRegression\MultidimensionalRegression.h">
			<Filter>addons\ofxGrt\libs\grt\GRT\RegressionModules\MultidimensionalRegression</Filter>
		</ClInclude>
		<ClInclude Include="..\..\..\addons\ofxGrt\libs\grt\GRT\RegressionModules\RegressionTree\RegressionTree.h">
			<Filter>addons\ofxGrt\libs\grt\GRT\RegressionModules\RegressionTree</Filter>
		</ClInclude>
		<ClInclude Include="..\..\..\addons\ofxGrt\libs\grt\GRT\RegressionModules\RegressionTree\RegressionTreeNode.h">
			<Filter>addons\ofxGrt\libs\grt\GRT\RegressionModules\RegressionTree</Filter>
		</ClInclude>
		<ClInclude Include="..\..\..\addons\ofxGrt\libs\grt\GRT\Util\Cholesky.h">
			<Filter>addons\ofxGrt\libs\grt\GRT\Util</Filter>
		</ClInclude>
		<ClInclude Include="..\..\..\addons\ofxGrt\libs\grt\GRT\Util\CircularBuffer.h">
			<Filter>addons\ofxGrt\libs\grt\GRT\Util</Filter>
		</ClInclude>
		<ClInclude Include="..\..\..\addons\ofxGrt\libs\grt\GRT\Util\ClassificationResult.h">
			<Filter>addons\ofxGrt\libs\grt\GRT\Util</Filter>
		</ClInclude>
		<ClInclude Include="..\..\..\addons\ofxGrt\libs\grt\GRT\Util\ClassTracker.h">
			<Filter>addons\ofxGrt\libs\grt\GRT\Util</Filter>
		</ClInclude>
		<ClInclude Include="..\..\..\addons\ofxGrt\libs\grt\GRT\Util\CommandLineParser.h">
			<Filter>addons\ofxGrt\libs\grt\GRT\Util</Filter>
		</ClInclude>
		<ClInclude Include="..\..\..\addons\ofxGrt\libs\grt\GRT\Util\DataType.h">
			<Filter>addons\ofxGrt\libs\grt\GRT\Util</Filter>
		</ClInclude>
		<ClInclude Include="..\..\..\addons\ofxGrt\libs\grt\GRT\Util\DebugLog.h">
			<Filter>addons\ofxGrt\libs\grt\GRT\Util</Filter>
		</ClInclude>
		<ClInclude Include="..\..\..\addons\ofxGrt\libs\grt\GRT\Util\Dict.h">
			<Filter>addons\ofxGrt\libs\grt\GRT\Util</Filter>
		</ClInclude>
		<ClInclude Include="..\..\..\addons\ofxGrt\libs\grt\GRT\Util\DynamicType.h">
			<Filter>addons\ofxGrt\libs\grt\GRT\Util</Filter>
		</ClInclude>
		<ClInclude Include="..\..\..\addons\ofxGrt\libs\grt\GRT\Util\EigenvalueDecomposition.h">
			<Filter>addons\ofxGrt\libs\grt\GRT\Util</Filter>
		</ClInclude>
		<ClInclude Include="..\..\..\addons\ofxGrt\libs\grt\GRT\Util\ErrorLog.h">
			<Filter>addons\ofxGrt\libs\grt\GRT\Util</Filter>
		</ClInclude>
		<ClInclude Include="..\..\..\addons\ofxGrt\libs\grt\GRT\Util\FileParser.h">
			<Filter>addons\ofxGrt\libs\grt\GRT\Util</Filter>
		</ClInclude>
		<ClInclude Include="..\..\..\addons\ofxGrt\libs\grt\GRT\Util\GRTCommon.h">
			<Filter>addons\ofxGrt\libs\grt\GRT\Util</Filter>
		</ClInclude>
		<ClInclude Include="..\..\..\addons\ofxGrt\libs\grt\GRT\Util\GRTException.h">
			<Filter>addons\ofxGrt\libs\grt\GRT\Util</Filter>
		</ClInclude>
		<ClInclude Include="..\..\..\addons\ofxGrt\libs\grt\GRT\Util\GRTTypedefs.h">
			<Filter>addons\ofxGrt\libs\grt\GRT\Util</Filter>
		</ClInclude>
		<ClInclude Include="..\..\..\addons\ofxGrt\libs\grt\GRT\Util\GRTVersionInfo.h">
			<Filter>addons\ofxGrt\libs\grt\GRT\Util</Filter>
		</ClInclude>
		<ClInclude Include="..\..\..\addons\ofxGrt\libs\grt\GRT\Util\IndexedDouble.h">
			<Filter>addons\ofxGrt\libs\grt\GRT\Util</Filter>
		</ClInclude>
		<ClInclude Include="..\..\..\addons\ofxGrt\libs\grt\GRT\Util\InfoLog.h">
			<Filter>addons\ofxGrt\libs\grt\GRT\Util</Filter>
		</ClInclude>
		<ClInclude Include="..\..\..\addons\ofxGrt\libs\grt\GRT\Util\Log.h">
			<Filter>addons\ofxGrt\libs\grt\GRT\Util</Filter>
		</ClInclude>
		<ClInclude Include="..\..\..\addons\ofxGrt\libs\grt\GRT\Util\LUDecomposition.h">
			<Filter>addons\ofxGrt\libs\grt\GRT\Util</Filter>
		</ClInclude>
		<ClInclude Include="..\..\..\addons\ofxGrt\libs\grt\GRT\Util\Metrics.h">
			<Filter>addons\ofxGrt\libs\grt\GRT\Util</Filter>
		</ClInclude>
		<ClInclude Include="..\..\..\addons\ofxGrt\libs\grt\GRT\Util\MinMax.h">
			<Filter>addons\ofxGrt\libs\grt\GRT\Util</Filter>
		</ClInclude>
		<ClInclude Include="..\..\..\addons\ofxGrt\libs\grt\GRT\Util\Observer.h">
			<Filter>addons\ofxGrt\libs\grt\GRT\Util</Filter>
		</ClInclude>
		<ClInclude Include="..\..\..\addons\ofxGrt\libs\grt\GRT\Util\ObserverManager.h">
			<Filter>addons\ofxGrt\libs\grt\GRT\Util</Filter>
		</ClInclude>
		<ClInclude Include="..\..\..\addons\ofxGrt\libs\grt\GRT\Util\PeakDetection.h">
			<Filter>addons\ofxGrt\libs\grt\GRT\Util</Filter>
		</ClInclude>
		<ClInclude Include="..\..\..\addons\ofxGrt\libs\grt\GRT\Util\Random.h">
			<Filter>addons\ofxGrt\libs\grt\GRT\Util</Filter>
		</ClInclude>
		<ClInclude Include="..\..\..\addons\ofxGrt\libs\grt\GRT\Util\RangeTracker.h">
			<Filter>addons\ofxGrt\libs\grt\GRT\Util</Filter>
		</ClInclude>
		<ClInclude Include="..\..\..\addons\ofxGrt\libs\grt\GRT\Util\SVD.h">
			<Filter>addons\ofxGrt\libs\grt\GRT\Util</Filter>
		</ClInclude>
		<ClInclude Include="..\..\..\addons\ofxGrt\libs\grt\GRT\Util\TestingLog.h">
			<Filter>addons\ofxGrt\libs\grt\GRT\Util</Filter>
		</ClInclude>
		<ClInclude Include="..\..\..\addons\ofxGrt\libs\grt\GRT\Util\TestInstanceResult.h">
			<Filter>addons\ofxGrt\libs\grt\GRT\Util</Filter>
		</ClInclude>
		<ClInclude Include="..\..\..\addons\ofxGrt\libs\grt\GRT\Util\TestResult.h">
			<Filter>addons\ofxGrt\libs\grt\GRT\Util</Filter>
		</ClInclude>
		<ClInclude Include="..\..\..\addons\ofxGrt\libs\grt\GRT\Util\ThreadPool.h">
			<Filter>addons\ofxGrt\libs\grt\GRT\Util</Filter>
		</ClInclude>
		<ClInclude Include="..\..\..\addons\ofxGrt\libs\grt\GRT\Util\ThresholdCrossingDetector.h">
			<Filter>addons\ofxGrt\libs\grt\GRT\Util</Filter>
		</ClInclude>
		<ClInclude Include="..\..\..\addons\ofxGrt\libs\grt\GRT\Util\Timer.h">
			<Filter>addons\ofxGrt\libs\grt\GRT\Util</Filter>
		</ClInclude>
		<ClInclude Include="..\..\..\addons\ofxGrt\libs\grt\GRT\Util\TimeSeriesClassificationSampleTrimmer.h">
			<Filter>addons\ofxGrt\libs\grt\GRT\Util</Filter>
		</ClInclude>
		<ClInclude Include="..\..\..\addons\ofxGrt\libs\grt\GRT\Util\TimeStamp.h">
			<Filter>addons\ofxGrt\libs\grt\GRT\Util</Filter>
		</ClInclude>
		<ClInclude Include="..\..\..\addons\ofxGrt\libs\grt\GRT\Util\TrainingDataRecordingTimer.h">
			<Filter>addons\ofxGrt\libs\grt\GRT\Util</Filter>
		</ClInclude>
		<ClInclude Include="..\..\..\addons\ofxGrt\libs\grt\GRT\Util\TrainingLog.h">
			<Filter>addons\ofxGrt\libs\grt\GRT\Util</Filter>
		</ClInclude>
		<ClInclude Include="..\..\..\addons\ofxGrt\libs\grt\GRT\Util\TrainingResult.h">
			<Filter>addons\ofxGrt\libs\grt\GRT\Util</Filter>
		</ClInclude>
		<ClInclude Include="..\..\..\addons\ofxGrt\libs\grt\GRT\Util\Util.h">
			<Filter>addons\ofxGrt\libs\grt\GRT\Util</Filter>
		</ClInclude>
		<ClInclude Include="..\..\..\addons\ofxGrt\libs\grt\GRT\Util\WarningLog.h">
			<Filter>addons\ofxGrt\libs\grt\GRT\Util</Filter>
		</ClInclude>
		<ClInclude Include="..\..\..\addons\ofxGui\src\ofxBaseGui.h">
			<Filter>addons\ofxGui\src</Filter>
		</ClInclude>
		<ClInclude Include="..\..\..\addons\ofxGui\src\ofxButton.h">
			<Filter>addons\ofxGui\src</Filter>
		</ClInclude>
		<ClInclude Include="..\..\..\addons\ofxGui\src\ofxColorPicker.h">
			<Filter>addons\ofxGui\src</Filter>
		</ClInclude>
		<ClInclude Include="..\..\..\addons\ofxGui\src\ofxGui.h">
			<Filter>addons\ofxGui\src</Filter>
		</ClInclude>
		<ClInclude Include="..\..\..\addons\ofxGui\src\ofxGuiGroup.h">
			<Filter>addons\ofxGui\src</Filter>
		</ClInclude>
		<ClInclude Include="..\..\..\addons\ofxGui\src\ofxInputField.h">
			<Filter>addons\ofxGui\src</Filter>
		</ClInclude>
		<ClInclude Include="..\..\..\addons\ofxGui\src\ofxLabel.h">
			<Filter>addons\ofxGui\src</Filter>
		</ClInclude>
		<ClInclude Include="..\..\..\addons\ofxGui\src\ofxPanel.h">
			<Filter>addons\ofxGui\src</Filter>
		</ClInclude>
		<ClInclude Include="..\..\..\addons\ofxGui\src\ofxSlider.h">
			<Filter>addons\ofxGui\src</Filter>
		</ClInclude>
		<ClInclude Include="..\..\..\addons\ofxGui\src\ofxSliderGroup.h">
			<Filter>addons\ofxGui\src</Filter>
		</ClInclude>
		<ClInclude Include="..\..\..\addons\ofxGui\src\ofxToggle.h">
			<Filter>addons\ofxGui\src</Filter>
		</ClInclude>
		<ClInclude Include="..\..\..\addons\ofxOsc\src\ofxOsc.h">
			<Filter>addons\ofxOsc\src</Filter>
		</ClInclude>
		<ClInclude Include="..\..\..\addons\ofxOsc\src\ofxOscArg.h">
			<Filter>addons\ofxOsc\src</Filter>
		</ClInclude>
		<ClInclude Include="..\..\..\addons\ofxOsc\src\ofxOscBundle.h">
			<Filter>addons\ofxOsc\src</Filter>
		</ClInclude>
		<ClInclude Include="..\..\..\addons\ofxOsc\src\ofxOscMessage.h">
			<Filter>addons\ofxOsc\src</Filter>
		</ClInclude>
		<ClInclude Include="..\..\..\addons\ofxOsc\src\ofxOscParameterSync.h">
			<Filter>addons\ofxOsc\src</Filter>
		</ClInclude>
		<ClInclude Include="..\..\..\addons\ofxOsc\src\ofxOscReceiver.h">
			<Filter>addons\ofxOsc\src</Filter>
		</ClInclude>
		<ClInclude Include="..\..\..\addons\ofxOsc\src\ofxOscSender.h">
			<Filter>addons\ofxOsc\src</Filter>
		</ClInclude>
		<ClInclude Include="..\..\..\addons\ofxOsc\libs\oscpack\src\ip\IpEndpointName.h">
			<Filter>addons\ofxOsc\libs\oscpack\src\ip</Filter>
		</ClInclude>
		<ClInclude Include="..\..\..\addons\ofxOsc\libs\oscpack\src\ip\NetworkingUtils.h">
			<Filter>addons\ofxOsc\libs\oscpack\src\ip</Filter>
		</ClInclude>
		<ClInclude Include="..\..\..\addons\ofxOsc\libs\oscpack\src\ip\PacketListener.h">
			<Filter>addons\ofxOsc\libs\oscpack\src\ip</Filter>
		</ClInclude>
		<ClInclude Include="..\..\..\addons\ofxOsc\libs\oscpack\src\ip\TimerListener.h">
			<Filter>addons\ofxOsc\libs\oscpack\src\ip</Filter>
		</ClInclude>
		<ClInclude Include="..\..\..\addons\ofxOsc\libs\oscpack\src\ip\UdpSocket.h">
			<Filter>addons\ofxOsc\libs\oscpack\src\ip</Filter>
		</ClInclude>
		<ClInclude Include="..\..\..\addons\ofxOsc\libs\oscpack\src\osc\MessageMappingOscPacketListener.h">
			<Filter>addons\ofxOsc\libs\oscpack\src\osc</Filter>
		</ClInclude>
		<ClInclude Include="..\..\..\addons\ofxOsc\libs\oscpack\src\osc\OscException.h">
			<Filter>addons\ofxOsc\libs\oscpack\src\osc</Filter>
		</ClInclude>
		<ClInclude Include="..\..\..\addons\ofxOsc\libs\oscpack\src\osc\OscHostEndianness.h">
			<Filter>addons\ofxOsc\libs\oscpack\src\osc</Filter>
		</ClInclude>
		<ClInclude Include="..\..\..\addons\ofxOsc\libs\oscpack\src\osc\OscOutboundPacketStream.h">
			<Filter>addons\ofxOsc\libs\oscpack\src\osc</Filter>
		</ClInclude>
		<ClInclude Include="..\..\..\addons\ofxOsc\libs\oscpack\src\osc\OscPacketListener.h">
			<Filter>addons\ofxOsc\libs\oscpack\src\osc</Filter>
		</ClInclude>
		<ClInclude Include="..\..\..\addons\ofxOsc\libs\oscpack\src\osc\OscPrintReceivedElements.h">
			<Filter>addons\ofxOsc\libs\oscpack\src\osc</Filter>
		</ClInclude>
		<ClInclude Include="..\..\..\addons\ofxOsc\libs\oscpack\src\osc\OscReceivedElements.h">
			<Filter>addons\ofxOsc\libs\oscpack\src\osc</Filter>
		</ClInclude>
		<ClInclude Include="..\..\..\addons\ofxOsc\libs\oscpack\src\osc\OscTypes.h">
			<Filter>addons\ofxOsc\libs\oscpack\src\osc</Filter>
		</ClInclude>
	</ItemGroup>
	<ItemGroup>
		<ResourceCompile Include="icon.rc" />
	</ItemGroup>
</Project>
